// !$*UTF8*$!
{
	archiveVersion = 1;
	classes = {
	};
	objectVersion = 46;
	objects = {

/* Begin PBXBuildFile section */
		742EC81016D50209009F370D /* ZUUIRevealController.m in Sources */ = {isa = PBXBuildFile; fileRef = 742EC80F16D50209009F370D /* ZUUIRevealController.m */; settings = {COMPILER_FLAGS = "-fno-objc-arc"; }; };
		742EC81116D50209009F370D /* ZUUIRevealController.m in Sources */ = {isa = PBXBuildFile; fileRef = 742EC80F16D50209009F370D /* ZUUIRevealController.m */; };
		742EC81416D50362009F370D /* RevealController.m in Sources */ = {isa = PBXBuildFile; fileRef = 742EC81316D50362009F370D /* RevealController.m */; };
		742EC81516D50362009F370D /* RevealController.m in Sources */ = {isa = PBXBuildFile; fileRef = 742EC81316D50362009F370D /* RevealController.m */; };
		743947E316E43A220057411D /* ant0.png in Resources */ = {isa = PBXBuildFile; fileRef = 743947DA16E43A220057411D /* ant0.png */; };
		743947E416E43A220057411D /* ant1.png in Resources */ = {isa = PBXBuildFile; fileRef = 743947DB16E43A220057411D /* ant1.png */; };
		743947E516E43A220057411D /* ant2.png in Resources */ = {isa = PBXBuildFile; fileRef = 743947DC16E43A220057411D /* ant2.png */; };
		743947E616E43A220057411D /* ant3.png in Resources */ = {isa = PBXBuildFile; fileRef = 743947DD16E43A220057411D /* ant3.png */; };
		743947E716E43A220057411D /* ant4.png in Resources */ = {isa = PBXBuildFile; fileRef = 743947DE16E43A220057411D /* ant4.png */; };
		743947E816E43A220057411D /* ant5.png in Resources */ = {isa = PBXBuildFile; fileRef = 743947DF16E43A220057411D /* ant5.png */; };
		743947E916E43A220057411D /* ant6.png in Resources */ = {isa = PBXBuildFile; fileRef = 743947E016E43A220057411D /* ant6.png */; };
		743947EA16E43A220057411D /* ant7.png in Resources */ = {isa = PBXBuildFile; fileRef = 743947E116E43A220057411D /* ant7.png */; };
		743947EB16E43A220057411D /* ant8.png in Resources */ = {isa = PBXBuildFile; fileRef = 743947E216E43A220057411D /* ant8.png */; };
		743947F716E43A820057411D /* redAnt0.png in Resources */ = {isa = PBXBuildFile; fileRef = 743947EE16E43A820057411D /* redAnt0.png */; };
		743947F816E43A820057411D /* redAnt8.png in Resources */ = {isa = PBXBuildFile; fileRef = 743947EF16E43A820057411D /* redAnt8.png */; };
		743947F916E43A820057411D /* redAnt7.png in Resources */ = {isa = PBXBuildFile; fileRef = 743947F016E43A820057411D /* redAnt7.png */; };
		743947FA16E43A820057411D /* redAnt6.png in Resources */ = {isa = PBXBuildFile; fileRef = 743947F116E43A820057411D /* redAnt6.png */; };
		743947FB16E43A820057411D /* redAnt5.png in Resources */ = {isa = PBXBuildFile; fileRef = 743947F216E43A820057411D /* redAnt5.png */; };
		743947FC16E43A820057411D /* redAnt4.png in Resources */ = {isa = PBXBuildFile; fileRef = 743947F316E43A820057411D /* redAnt4.png */; };
		743947FD16E43A820057411D /* redAnt3.png in Resources */ = {isa = PBXBuildFile; fileRef = 743947F416E43A820057411D /* redAnt3.png */; };
		743947FE16E43A820057411D /* redAnt2.png in Resources */ = {isa = PBXBuildFile; fileRef = 743947F516E43A820057411D /* redAnt2.png */; };
		743947FF16E43A820057411D /* redAnt1.png in Resources */ = {isa = PBXBuildFile; fileRef = 743947F616E43A820057411D /* redAnt1.png */; };
		7439482016E47B940057411D /* Icon-72.png in Resources */ = {isa = PBXBuildFile; fileRef = 7439481616E47B940057411D /* Icon-72.png */; };
		7439482116E47B940057411D /* Icon-Small-50.png in Resources */ = {isa = PBXBuildFile; fileRef = 7439481716E47B940057411D /* Icon-Small-50.png */; };
		7439482216E47B940057411D /* Icon-Small.png in Resources */ = {isa = PBXBuildFile; fileRef = 7439481816E47B940057411D /* Icon-Small.png */; };
		7439482316E47B940057411D /* Icon-Small@2x.png in Resources */ = {isa = PBXBuildFile; fileRef = 7439481916E47B940057411D /* Icon-Small@2x.png */; };
		7439482416E47B940057411D /* Icon.png in Resources */ = {isa = PBXBuildFile; fileRef = 7439481A16E47B940057411D /* Icon.png */; };
		7439482516E47B940057411D /* Icon@2x.png in Resources */ = {isa = PBXBuildFile; fileRef = 7439481B16E47B940057411D /* Icon@2x.png */; };
		7439482616E47B940057411D /* iTunesArtwork.png in Resources */ = {isa = PBXBuildFile; fileRef = 7439481C16E47B940057411D /* iTunesArtwork.png */; };
		7439482716E47B940057411D /* iTunesArtwork@2x.png in Resources */ = {isa = PBXBuildFile; fileRef = 7439481D16E47B940057411D /* iTunesArtwork@2x.png */; };
		7439482816E47B940057411D /* LOGO_100pix.png in Resources */ = {isa = PBXBuildFile; fileRef = 7439481E16E47B940057411D /* LOGO_100pix.png */; };
		7439482916E47B940057411D /* LOGO_144pix.png in Resources */ = {isa = PBXBuildFile; fileRef = 7439481F16E47B940057411D /* LOGO_144pix.png */; };
		743A195416DA662F00788F95 /* AVFoundation.framework in Frameworks */ = {isa = PBXBuildFile; fileRef = 743A195316DA662F00788F95 /* AVFoundation.framework */; };
		743A195616DA672100788F95 /* AudioToolbox.framework in Frameworks */ = {isa = PBXBuildFile; fileRef = 743A195516DA672100788F95 /* AudioToolbox.framework */; };
		7443AB1C16D3DFCA00A559C9 /* KillAntsAlarmOCDModel.m in Sources */ = {isa = PBXBuildFile; fileRef = 7443AB1B16D3DFCA00A559C9 /* KillAntsAlarmOCDModel.m */; };
		7443AB1D16D3DFCA00A559C9 /* KillAntsAlarmOCDModel.m in Sources */ = {isa = PBXBuildFile; fileRef = 7443AB1B16D3DFCA00A559C9 /* KillAntsAlarmOCDModel.m */; };
		74518AAF16CFF8A500133217 /* QuartzCore.framework in Frameworks */ = {isa = PBXBuildFile; fileRef = 74518AAE16CFF8A500133217 /* QuartzCore.framework */; };
		746B717116DF4807005B5C34 /* PPRevealSideViewController.m in Sources */ = {isa = PBXBuildFile; fileRef = 746B716F16DF4807005B5C34 /* PPRevealSideViewController.m */; };
		746B717216DF4807005B5C34 /* PPRevealSideViewController.m in Sources */ = {isa = PBXBuildFile; fileRef = 746B716F16DF4807005B5C34 /* PPRevealSideViewController.m */; };
		746B717516DF4814005B5C34 /* Ant.m in Sources */ = {isa = PBXBuildFile; fileRef = 746B717416DF4814005B5C34 /* Ant.m */; };
		746B717616DF4814005B5C34 /* Ant.m in Sources */ = {isa = PBXBuildFile; fileRef = 746B717416DF4814005B5C34 /* Ant.m */; };
		746B717916DF481F005B5C34 /* ClockView.m in Sources */ = {isa = PBXBuildFile; fileRef = 746B717716DF481F005B5C34 /* ClockView.m */; settings = {COMPILER_FLAGS = "-fno-objc-arc"; }; };
		746B717A16DF481F005B5C34 /* ClockView.m in Sources */ = {isa = PBXBuildFile; fileRef = 746B717716DF481F005B5C34 /* ClockView.m */; };
		746B717F16DF4915005B5C34 /* KillAntsAlarmIntroductionViewController.m in Sources */ = {isa = PBXBuildFile; fileRef = 746B717C16DF4915005B5C34 /* KillAntsAlarmIntroductionViewController.m */; };
		746B718016DF4915005B5C34 /* KillAntsAlarmIntroductionViewController.m in Sources */ = {isa = PBXBuildFile; fileRef = 746B717C16DF4915005B5C34 /* KillAntsAlarmIntroductionViewController.m */; };
		746B718116DF4915005B5C34 /* KillAntsAlarmStartViewController.m in Sources */ = {isa = PBXBuildFile; fileRef = 746B717D16DF4915005B5C34 /* KillAntsAlarmStartViewController.m */; };
		746B718216DF4915005B5C34 /* KillAntsAlarmStartViewController.m in Sources */ = {isa = PBXBuildFile; fileRef = 746B717D16DF4915005B5C34 /* KillAntsAlarmStartViewController.m */; };
		746B718516DF4956005B5C34 /* CustomUISwtich.m in Sources */ = {isa = PBXBuildFile; fileRef = 746B718316DF4956005B5C34 /* CustomUISwtich.m */; };
		746B718616DF4956005B5C34 /* CustomUISwtich.m in Sources */ = {isa = PBXBuildFile; fileRef = 746B718316DF4956005B5C34 /* CustomUISwtich.m */; };
		746B719216DF4A12005B5C34 /* point.png in Resources */ = {isa = PBXBuildFile; fileRef = 746B718716DF4A12005B5C34 /* point.png */; };
		746B719316DF4A12005B5C34 /* point.png in Resources */ = {isa = PBXBuildFile; fileRef = 746B718716DF4A12005B5C34 /* point.png */; };
		746B719416DF4A12005B5C34 /* 0.png in Resources */ = {isa = PBXBuildFile; fileRef = 746B718816DF4A12005B5C34 /* 0.png */; };
		746B719516DF4A12005B5C34 /* 0.png in Resources */ = {isa = PBXBuildFile; fileRef = 746B718816DF4A12005B5C34 /* 0.png */; };
		746B719616DF4A12005B5C34 /* 1.png in Resources */ = {isa = PBXBuildFile; fileRef = 746B718916DF4A12005B5C34 /* 1.png */; };
		746B719716DF4A12005B5C34 /* 1.png in Resources */ = {isa = PBXBuildFile; fileRef = 746B718916DF4A12005B5C34 /* 1.png */; };
		746B719816DF4A12005B5C34 /* 9.png in Resources */ = {isa = PBXBuildFile; fileRef = 746B718A16DF4A12005B5C34 /* 9.png */; };
		746B719916DF4A13005B5C34 /* 9.png in Resources */ = {isa = PBXBuildFile; fileRef = 746B718A16DF4A12005B5C34 /* 9.png */; };
		746B719A16DF4A13005B5C34 /* 7.png in Resources */ = {isa = PBXBuildFile; fileRef = 746B718B16DF4A12005B5C34 /* 7.png */; };
		746B719B16DF4A13005B5C34 /* 7.png in Resources */ = {isa = PBXBuildFile; fileRef = 746B718B16DF4A12005B5C34 /* 7.png */; };
		746B719C16DF4A13005B5C34 /* 4.png in Resources */ = {isa = PBXBuildFile; fileRef = 746B718C16DF4A12005B5C34 /* 4.png */; };
		746B719D16DF4A13005B5C34 /* 4.png in Resources */ = {isa = PBXBuildFile; fileRef = 746B718C16DF4A12005B5C34 /* 4.png */; };
		746B719E16DF4A13005B5C34 /* 2.png in Resources */ = {isa = PBXBuildFile; fileRef = 746B718D16DF4A12005B5C34 /* 2.png */; };
		746B719F16DF4A13005B5C34 /* 2.png in Resources */ = {isa = PBXBuildFile; fileRef = 746B718D16DF4A12005B5C34 /* 2.png */; };
		746B71A016DF4A13005B5C34 /* 3.png in Resources */ = {isa = PBXBuildFile; fileRef = 746B718E16DF4A12005B5C34 /* 3.png */; };
		746B71A116DF4A13005B5C34 /* 3.png in Resources */ = {isa = PBXBuildFile; fileRef = 746B718E16DF4A12005B5C34 /* 3.png */; };
		746B71A216DF4A13005B5C34 /* 5.png in Resources */ = {isa = PBXBuildFile; fileRef = 746B718F16DF4A12005B5C34 /* 5.png */; };
		746B71A316DF4A13005B5C34 /* 5.png in Resources */ = {isa = PBXBuildFile; fileRef = 746B718F16DF4A12005B5C34 /* 5.png */; };
		746B71A416DF4A13005B5C34 /* 6.png in Resources */ = {isa = PBXBuildFile; fileRef = 746B719016DF4A12005B5C34 /* 6.png */; };
		746B71A516DF4A13005B5C34 /* 6.png in Resources */ = {isa = PBXBuildFile; fileRef = 746B719016DF4A12005B5C34 /* 6.png */; };
		746B71D216DF4A38005B5C34 /* 4beijing.jpg in Resources */ = {isa = PBXBuildFile; fileRef = 746B71A916DF4A38005B5C34 /* 4beijing.jpg */; };
		746B71D316DF4A38005B5C34 /* 4beijing.jpg in Resources */ = {isa = PBXBuildFile; fileRef = 746B71A916DF4A38005B5C34 /* 4beijing.jpg */; };
		746B71D416DF4A38005B5C34 /* 5beijing.jpg in Resources */ = {isa = PBXBuildFile; fileRef = 746B71AA16DF4A38005B5C34 /* 5beijing.jpg */; };
		746B71D516DF4A38005B5C34 /* 5beijing.jpg in Resources */ = {isa = PBXBuildFile; fileRef = 746B71AA16DF4A38005B5C34 /* 5beijing.jpg */; };
		746B71F216DF4A38005B5C34 /* alarmHandler.png in Resources */ = {isa = PBXBuildFile; fileRef = 746B71BC16DF4A38005B5C34 /* alarmHandler.png */; };
		746B71F316DF4A38005B5C34 /* alarmHandler.png in Resources */ = {isa = PBXBuildFile; fileRef = 746B71BC16DF4A38005B5C34 /* alarmHandler.png */; };
		746B71F416DF4A38005B5C34 /* alarmHandlerGray.png in Resources */ = {isa = PBXBuildFile; fileRef = 746B71BD16DF4A38005B5C34 /* alarmHandlerGray.png */; };
		746B71F516DF4A38005B5C34 /* alarmHandlerGray.png in Resources */ = {isa = PBXBuildFile; fileRef = 746B71BD16DF4A38005B5C34 /* alarmHandlerGray.png */; };
		746B71F616DF4A38005B5C34 /* clock.png in Resources */ = {isa = PBXBuildFile; fileRef = 746B71BE16DF4A38005B5C34 /* clock.png */; };
		746B71F716DF4A38005B5C34 /* clock.png in Resources */ = {isa = PBXBuildFile; fileRef = 746B71BE16DF4A38005B5C34 /* clock.png */; };
		746B71F816DF4A38005B5C34 /* hour.png in Resources */ = {isa = PBXBuildFile; fileRef = 746B71BF16DF4A38005B5C34 /* hour.png */; };
		746B71F916DF4A38005B5C34 /* hour.png in Resources */ = {isa = PBXBuildFile; fileRef = 746B71BF16DF4A38005B5C34 /* hour.png */; };
		746B71FC16DF4A38005B5C34 /* second.png in Resources */ = {isa = PBXBuildFile; fileRef = 746B71C116DF4A38005B5C34 /* second.png */; };
		746B71FD16DF4A38005B5C34 /* second.png in Resources */ = {isa = PBXBuildFile; fileRef = 746B71C116DF4A38005B5C34 /* second.png */; };
		746B721016DF4A38005B5C34 /* ants.png in Resources */ = {isa = PBXBuildFile; fileRef = 746B71CC16DF4A38005B5C34 /* ants.png */; };
		746B721116DF4A38005B5C34 /* ants.png in Resources */ = {isa = PBXBuildFile; fileRef = 746B71CC16DF4A38005B5C34 /* ants.png */; };
		746B721216DF4A38005B5C34 /* ocdLabel.png in Resources */ = {isa = PBXBuildFile; fileRef = 746B71CE16DF4A38005B5C34 /* ocdLabel.png */; };
		746B721316DF4A38005B5C34 /* ocdLabel.png in Resources */ = {isa = PBXBuildFile; fileRef = 746B71CE16DF4A38005B5C34 /* ocdLabel.png */; };
		746B721416DF4A38005B5C34 /* ocdOff.png in Resources */ = {isa = PBXBuildFile; fileRef = 746B71CF16DF4A38005B5C34 /* ocdOff.png */; };
		746B721516DF4A38005B5C34 /* ocdOff.png in Resources */ = {isa = PBXBuildFile; fileRef = 746B71CF16DF4A38005B5C34 /* ocdOff.png */; };
		746B721616DF4A38005B5C34 /* ocdOn.png in Resources */ = {isa = PBXBuildFile; fileRef = 746B71D016DF4A38005B5C34 /* ocdOn.png */; };
		746B721716DF4A38005B5C34 /* ocdOn.png in Resources */ = {isa = PBXBuildFile; fileRef = 746B71D016DF4A38005B5C34 /* ocdOn.png */; };
		746B721816DF4A38005B5C34 /* ocdSwitch.png in Resources */ = {isa = PBXBuildFile; fileRef = 746B71D116DF4A38005B5C34 /* ocdSwitch.png */; };
		746B721916DF4A38005B5C34 /* ocdSwitch.png in Resources */ = {isa = PBXBuildFile; fileRef = 746B71D116DF4A38005B5C34 /* ocdSwitch.png */; };
		746B721F16DF4A7D005B5C34 /* 29s.caf in Resources */ = {isa = PBXBuildFile; fileRef = 746B721B16DF4A7D005B5C34 /* 29s.caf */; };
		746B722016DF4A7D005B5C34 /* 29s.caf in Resources */ = {isa = PBXBuildFile; fileRef = 746B721B16DF4A7D005B5C34 /* 29s.caf */; };
		746B722116DF4A7D005B5C34 /* music.wav in Resources */ = {isa = PBXBuildFile; fileRef = 746B721C16DF4A7D005B5C34 /* music.wav */; };
		746B722216DF4A7D005B5C34 /* music.wav in Resources */ = {isa = PBXBuildFile; fileRef = 746B721C16DF4A7D005B5C34 /* music.wav */; };
		746B722316DF4A7D005B5C34 /* short.caf in Resources */ = {isa = PBXBuildFile; fileRef = 746B721D16DF4A7D005B5C34 /* short.caf */; };
		746B722416DF4A7D005B5C34 /* short.caf in Resources */ = {isa = PBXBuildFile; fileRef = 746B721D16DF4A7D005B5C34 /* short.caf */; };
		746B722516DF4A7D005B5C34 /* shortSound.wav in Resources */ = {isa = PBXBuildFile; fileRef = 746B721E16DF4A7D005B5C34 /* shortSound.wav */; };
		746B722616DF4A7D005B5C34 /* shortSound.wav in Resources */ = {isa = PBXBuildFile; fileRef = 746B721E16DF4A7D005B5C34 /* shortSound.wav */; };
		748DD56916DF835F00ADC709 /* antDefault.png in Resources */ = {isa = PBXBuildFile; fileRef = 748DD56816DF835F00ADC709 /* antDefault.png */; };
		748DD56B16DF83DF00ADC709 /* minute.png in Resources */ = {isa = PBXBuildFile; fileRef = 748DD56A16DF83DF00ADC709 /* minute.png */; };
		749538AA16CBE1EC009EA265 /* UIKit.framework in Frameworks */ = {isa = PBXBuildFile; fileRef = 749538A916CBE1EC009EA265 /* UIKit.framework */; };
		749538AC16CBE1EC009EA265 /* Foundation.framework in Frameworks */ = {isa = PBXBuildFile; fileRef = 749538AB16CBE1EC009EA265 /* Foundation.framework */; };
		749538AE16CBE1EC009EA265 /* CoreGraphics.framework in Frameworks */ = {isa = PBXBuildFile; fileRef = 749538AD16CBE1EC009EA265 /* CoreGraphics.framework */; };
		749538B416CBE1EC009EA265 /* InfoPlist.strings in Resources */ = {isa = PBXBuildFile; fileRef = 749538B216CBE1EC009EA265 /* InfoPlist.strings */; };
		749538B616CBE1EC009EA265 /* main.m in Sources */ = {isa = PBXBuildFile; fileRef = 749538B516CBE1EC009EA265 /* main.m */; };
		749538BA16CBE1EC009EA265 /* KillAntsAlarmAppDelegate.m in Sources */ = {isa = PBXBuildFile; fileRef = 749538B916CBE1EC009EA265 /* KillAntsAlarmAppDelegate.m */; };
		749538BC16CBE1EC009EA265 /* Default.png in Resources */ = {isa = PBXBuildFile; fileRef = 749538BB16CBE1EC009EA265 /* Default.png */; };
		749538BE16CBE1EC009EA265 /* Default@2x.png in Resources */ = {isa = PBXBuildFile; fileRef = 749538BD16CBE1EC009EA265 /* Default@2x.png */; };
		749538C016CBE1EC009EA265 /* Default-568h@2x.png in Resources */ = {isa = PBXBuildFile; fileRef = 749538BF16CBE1EC009EA265 /* Default-568h@2x.png */; };
		749538C316CBE1EC009EA265 /* MainStoryboard.storyboard in Resources */ = {isa = PBXBuildFile; fileRef = 749538C116CBE1EC009EA265 /* MainStoryboard.storyboard */; };
		749538C616CBE1EC009EA265 /* KillAntsAlarmViewController.m in Sources */ = {isa = PBXBuildFile; fileRef = 749538C516CBE1EC009EA265 /* KillAntsAlarmViewController.m */; };
		749538CE16CBE1ED009EA265 /* SenTestingKit.framework in Frameworks */ = {isa = PBXBuildFile; fileRef = 749538CD16CBE1ED009EA265 /* SenTestingKit.framework */; };
		749538CF16CBE1ED009EA265 /* UIKit.framework in Frameworks */ = {isa = PBXBuildFile; fileRef = 749538A916CBE1EC009EA265 /* UIKit.framework */; };
		749538D016CBE1ED009EA265 /* Foundation.framework in Frameworks */ = {isa = PBXBuildFile; fileRef = 749538AB16CBE1EC009EA265 /* Foundation.framework */; };
		749538D816CBE1ED009EA265 /* InfoPlist.strings in Resources */ = {isa = PBXBuildFile; fileRef = 749538D616CBE1ED009EA265 /* InfoPlist.strings */; };
		749538DB16CBE1ED009EA265 /* KillAntsAlarmTests.m in Sources */ = {isa = PBXBuildFile; fileRef = 749538DA16CBE1ED009EA265 /* KillAntsAlarmTests.m */; };
		74E3DE2C16E3865800E1FBF7 /* 8.png in Resources */ = {isa = PBXBuildFile; fileRef = 74E3DE2B16E3865800E1FBF7 /* 8.png */; };
		74E3DE2E16E3868300E1FBF7 /* antDead.png in Resources */ = {isa = PBXBuildFile; fileRef = 74E3DE2D16E3868300E1FBF7 /* antDead.png */; };
		74E3DE3316E3872000E1FBF7 /* ip41.jpg in Resources */ = {isa = PBXBuildFile; fileRef = 74E3DE2F16E3872000E1FBF7 /* ip41.jpg */; };
		74E3DE3416E3872000E1FBF7 /* ip40.jpg in Resources */ = {isa = PBXBuildFile; fileRef = 74E3DE3016E3872000E1FBF7 /* ip40.jpg */; };
		74E3DE3516E3872000E1FBF7 /* ip50.jpg in Resources */ = {isa = PBXBuildFile; fileRef = 74E3DE3116E3872000E1FBF7 /* ip50.jpg */; };
		74E3DE3616E3872000E1FBF7 /* ip51.jpg in Resources */ = {isa = PBXBuildFile; fileRef = 74E3DE3216E3872000E1FBF7 /* ip51.jpg */; };
		74E3DE3916E3875C00E1FBF7 /* antHit.mp3 in Resources */ = {isa = PBXBuildFile; fileRef = 74E3DE3716E3875C00E1FBF7 /* antHit.mp3 */; };
		74E3DE3A16E3875C00E1FBF7 /* antsDie.mp3 in Resources */ = {isa = PBXBuildFile; fileRef = 74E3DE3816E3875C00E1FBF7 /* antsDie.mp3 */; };
		74E3DE3C16E387A700E1FBF7 /* line.png in Resources */ = {isa = PBXBuildFile; fileRef = 74E3DE3B16E387A700E1FBF7 /* line.png */; };
		74E3DE3F16E387C400E1FBF7 /* hour1.png in Resources */ = {isa = PBXBuildFile; fileRef = 74E3DE3D16E387C400E1FBF7 /* hour1.png */; };
		74E3DE4016E387C400E1FBF7 /* mimute1.png in Resources */ = {isa = PBXBuildFile; fileRef = 74E3DE3E16E387C400E1FBF7 /* mimute1.png */; };
		74E3DE4416E3880200E1FBF7 /* antOcd.png in Resources */ = {isa = PBXBuildFile; fileRef = 74E3DE4116E3880200E1FBF7 /* antOcd.png */; };
		74E3DE4516E3880200E1FBF7 /* ant.png in Resources */ = {isa = PBXBuildFile; fileRef = 74E3DE4216E3880200E1FBF7 /* ant.png */; };
		74E3DE4616E3880200E1FBF7 /* ocd.png in Resources */ = {isa = PBXBuildFile; fileRef = 74E3DE4316E3880200E1FBF7 /* ocd.png */; };
/* End PBXBuildFile section */

/* Begin PBXContainerItemProxy section */
		749538D116CBE1ED009EA265 /* PBXContainerItemProxy */ = {
			isa = PBXContainerItemProxy;
			containerPortal = 7495389E16CBE1EC009EA265 /* Project object */;
			proxyType = 1;
			remoteGlobalIDString = 749538A516CBE1EC009EA265;
			remoteInfo = KillAntsAlarm;
		};
/* End PBXContainerItemProxy section */

/* Begin PBXFileReference section */
		742EC80E16D50209009F370D /* ZUUIRevealController.h */ = {isa = PBXFileReference; fileEncoding = 4; lastKnownFileType = sourcecode.c.h; path = ZUUIRevealController.h; sourceTree = "<group>"; };
		742EC80F16D50209009F370D /* ZUUIRevealController.m */ = {isa = PBXFileReference; fileEncoding = 4; lastKnownFileType = sourcecode.c.objc; path = ZUUIRevealController.m; sourceTree = "<group>"; };
		742EC81216D50362009F370D /* RevealController.h */ = {isa = PBXFileReference; fileEncoding = 4; lastKnownFileType = sourcecode.c.h; path = RevealController.h; sourceTree = "<group>"; };
		742EC81316D50362009F370D /* RevealController.m */ = {isa = PBXFileReference; fileEncoding = 4; lastKnownFileType = sourcecode.c.objc; path = RevealController.m; sourceTree = "<group>"; };
		743947DA16E43A220057411D /* ant0.png */ = {isa = PBXFileReference; lastKnownFileType = image.png; path = ant0.png; sourceTree = "<group>"; };
		743947DB16E43A220057411D /* ant1.png */ = {isa = PBXFileReference; lastKnownFileType = image.png; path = ant1.png; sourceTree = "<group>"; };
		743947DC16E43A220057411D /* ant2.png */ = {isa = PBXFileReference; lastKnownFileType = image.png; path = ant2.png; sourceTree = "<group>"; };
		743947DD16E43A220057411D /* ant3.png */ = {isa = PBXFileReference; lastKnownFileType = image.png; path = ant3.png; sourceTree = "<group>"; };
		743947DE16E43A220057411D /* ant4.png */ = {isa = PBXFileReference; lastKnownFileType = image.png; path = ant4.png; sourceTree = "<group>"; };
		743947DF16E43A220057411D /* ant5.png */ = {isa = PBXFileReference; lastKnownFileType = image.png; path = ant5.png; sourceTree = "<group>"; };
		743947E016E43A220057411D /* ant6.png */ = {isa = PBXFileReference; lastKnownFileType = image.png; path = ant6.png; sourceTree = "<group>"; };
		743947E116E43A220057411D /* ant7.png */ = {isa = PBXFileReference; lastKnownFileType = image.png; path = ant7.png; sourceTree = "<group>"; };
		743947E216E43A220057411D /* ant8.png */ = {isa = PBXFileReference; lastKnownFileType = image.png; path = ant8.png; sourceTree = "<group>"; };
		743947EE16E43A820057411D /* redAnt0.png */ = {isa = PBXFileReference; lastKnownFileType = image.png; path = redAnt0.png; sourceTree = "<group>"; };
		743947EF16E43A820057411D /* redAnt8.png */ = {isa = PBXFileReference; lastKnownFileType = image.png; path = redAnt8.png; sourceTree = "<group>"; };
		743947F016E43A820057411D /* redAnt7.png */ = {isa = PBXFileReference; lastKnownFileType = image.png; path = redAnt7.png; sourceTree = "<group>"; };
		743947F116E43A820057411D /* redAnt6.png */ = {isa = PBXFileReference; lastKnownFileType = image.png; path = redAnt6.png; sourceTree = "<group>"; };
		743947F216E43A820057411D /* redAnt5.png */ = {isa = PBXFileReference; lastKnownFileType = image.png; path = redAnt5.png; sourceTree = "<group>"; };
		743947F316E43A820057411D /* redAnt4.png */ = {isa = PBXFileReference; lastKnownFileType = image.png; path = redAnt4.png; sourceTree = "<group>"; };
		743947F416E43A820057411D /* redAnt3.png */ = {isa = PBXFileReference; lastKnownFileType = image.png; path = redAnt3.png; sourceTree = "<group>"; };
		743947F516E43A820057411D /* redAnt2.png */ = {isa = PBXFileReference; lastKnownFileType = image.png; path = redAnt2.png; sourceTree = "<group>"; };
		743947F616E43A820057411D /* redAnt1.png */ = {isa = PBXFileReference; lastKnownFileType = image.png; path = redAnt1.png; sourceTree = "<group>"; };
		7439481616E47B940057411D /* Icon-72.png */ = {isa = PBXFileReference; lastKnownFileType = image.png; name = "Icon-72.png"; path = "Resources/images/Icons/Icon-72.png"; sourceTree = "<group>"; };
		7439481716E47B940057411D /* Icon-Small-50.png */ = {isa = PBXFileReference; lastKnownFileType = image.png; name = "Icon-Small-50.png"; path = "Resources/images/Icons/Icon-Small-50.png"; sourceTree = "<group>"; };
		7439481816E47B940057411D /* Icon-Small.png */ = {isa = PBXFileReference; lastKnownFileType = image.png; name = "Icon-Small.png"; path = "Resources/images/Icons/Icon-Small.png"; sourceTree = "<group>"; };
		7439481916E47B940057411D /* Icon-Small@2x.png */ = {isa = PBXFileReference; lastKnownFileType = image.png; name = "Icon-Small@2x.png"; path = "Resources/images/Icons/Icon-Small@2x.png"; sourceTree = "<group>"; };
		7439481A16E47B940057411D /* Icon.png */ = {isa = PBXFileReference; lastKnownFileType = image.png; name = Icon.png; path = Resources/images/Icons/Icon.png; sourceTree = "<group>"; };
		7439481B16E47B940057411D /* Icon@2x.png */ = {isa = PBXFileReference; lastKnownFileType = image.png; name = "Icon@2x.png"; path = "Resources/images/Icons/Icon@2x.png"; sourceTree = "<group>"; };
		7439481C16E47B940057411D /* iTunesArtwork.png */ = {isa = PBXFileReference; lastKnownFileType = image.png; name = iTunesArtwork.png; path = Resources/images/Icons/iTunesArtwork.png; sourceTree = "<group>"; };
		7439481D16E47B940057411D /* iTunesArtwork@2x.png */ = {isa = PBXFileReference; lastKnownFileType = image.png; name = "iTunesArtwork@2x.png"; path = "Resources/images/Icons/iTunesArtwork@2x.png"; sourceTree = "<group>"; };
		7439481E16E47B940057411D /* LOGO_100pix.png */ = {isa = PBXFileReference; lastKnownFileType = image.png; name = LOGO_100pix.png; path = Resources/images/Icons/LOGO_100pix.png; sourceTree = "<group>"; };
		7439481F16E47B940057411D /* LOGO_144pix.png */ = {isa = PBXFileReference; lastKnownFileType = image.png; name = LOGO_144pix.png; path = Resources/images/Icons/LOGO_144pix.png; sourceTree = "<group>"; };
		743A195316DA662F00788F95 /* AVFoundation.framework */ = {isa = PBXFileReference; lastKnownFileType = wrapper.framework; name = AVFoundation.framework; path = System/Library/Frameworks/AVFoundation.framework; sourceTree = SDKROOT; };
		743A195516DA672100788F95 /* AudioToolbox.framework */ = {isa = PBXFileReference; lastKnownFileType = wrapper.framework; name = AudioToolbox.framework; path = System/Library/Frameworks/AudioToolbox.framework; sourceTree = SDKROOT; };
		7443AB1A16D3DFC900A559C9 /* KillAntsAlarmOCDModel.h */ = {isa = PBXFileReference; fileEncoding = 4; lastKnownFileType = sourcecode.c.h; path = KillAntsAlarmOCDModel.h; sourceTree = "<group>"; };
		7443AB1B16D3DFCA00A559C9 /* KillAntsAlarmOCDModel.m */ = {isa = PBXFileReference; fileEncoding = 4; lastKnownFileType = sourcecode.c.objc; path = KillAntsAlarmOCDModel.m; sourceTree = "<group>"; };
		74518AAE16CFF8A500133217 /* QuartzCore.framework */ = {isa = PBXFileReference; lastKnownFileType = wrapper.framework; name = QuartzCore.framework; path = System/Library/Frameworks/QuartzCore.framework; sourceTree = SDKROOT; };
		746B716F16DF4807005B5C34 /* PPRevealSideViewController.m */ = {isa = PBXFileReference; fileEncoding = 4; lastKnownFileType = sourcecode.c.objc; name = PPRevealSideViewController.m; path = PPRevealSideViewController/PPRevealSideViewController.m; sourceTree = "<group>"; };
		746B717016DF4807005B5C34 /* PPRevealSideViewController.h */ = {isa = PBXFileReference; fileEncoding = 4; lastKnownFileType = sourcecode.c.h; name = PPRevealSideViewController.h; path = PPRevealSideViewController/PPRevealSideViewController.h; sourceTree = "<group>"; };
		746B717316DF4814005B5C34 /* Ant.h */ = {isa = PBXFileReference; fileEncoding = 4; lastKnownFileType = sourcecode.c.h; name = Ant.h; path = Ant/Ant.h; sourceTree = "<group>"; };
		746B717416DF4814005B5C34 /* Ant.m */ = {isa = PBXFileReference; fileEncoding = 4; lastKnownFileType = sourcecode.c.objc; name = Ant.m; path = Ant/Ant.m; sourceTree = "<group>"; };
		746B717716DF481F005B5C34 /* ClockView.m */ = {isa = PBXFileReference; fileEncoding = 4; lastKnownFileType = sourcecode.c.objc; name = ClockView.m; path = Clock/ClockView.m; sourceTree = "<group>"; };
		746B717816DF481F005B5C34 /* ClockView.h */ = {isa = PBXFileReference; fileEncoding = 4; lastKnownFileType = sourcecode.c.h; name = ClockView.h; path = Clock/ClockView.h; sourceTree = "<group>"; };
		746B717B16DF4915005B5C34 /* KillAntsAlarmStartViewController.h */ = {isa = PBXFileReference; fileEncoding = 4; lastKnownFileType = sourcecode.c.h; path = KillAntsAlarmStartViewController.h; sourceTree = "<group>"; };
		746B717C16DF4915005B5C34 /* KillAntsAlarmIntroductionViewController.m */ = {isa = PBXFileReference; fileEncoding = 4; lastKnownFileType = sourcecode.c.objc; path = KillAntsAlarmIntroductionViewController.m; sourceTree = "<group>"; };
		746B717D16DF4915005B5C34 /* KillAntsAlarmStartViewController.m */ = {isa = PBXFileReference; fileEncoding = 4; lastKnownFileType = sourcecode.c.objc; path = KillAntsAlarmStartViewController.m; sourceTree = "<group>"; };
		746B717E16DF4915005B5C34 /* KillAntsAlarmIntroductionViewController.h */ = {isa = PBXFileReference; fileEncoding = 4; lastKnownFileType = sourcecode.c.h; path = KillAntsAlarmIntroductionViewController.h; sourceTree = "<group>"; };
		746B718316DF4956005B5C34 /* CustomUISwtich.m */ = {isa = PBXFileReference; fileEncoding = 4; lastKnownFileType = sourcecode.c.objc; name = CustomUISwtich.m; path = CustomUISwitch/CustomUISwtich.m; sourceTree = "<group>"; };
		746B718416DF4956005B5C34 /* CustomUISwtich.h */ = {isa = PBXFileReference; fileEncoding = 4; lastKnownFileType = sourcecode.c.h; name = CustomUISwtich.h; path = CustomUISwitch/CustomUISwtich.h; sourceTree = "<group>"; };
		746B718716DF4A12005B5C34 /* point.png */ = {isa = PBXFileReference; lastKnownFileType = image.png; name = point.png; path = Resources/images/NumberImages/point.png; sourceTree = "<group>"; };
		746B718816DF4A12005B5C34 /* 0.png */ = {isa = PBXFileReference; lastKnownFileType = image.png; name = 0.png; path = Resources/images/NumberImages/0.png; sourceTree = "<group>"; };
		746B718916DF4A12005B5C34 /* 1.png */ = {isa = PBXFileReference; lastKnownFileType = image.png; name = 1.png; path = Resources/images/NumberImages/1.png; sourceTree = "<group>"; };
		746B718A16DF4A12005B5C34 /* 9.png */ = {isa = PBXFileReference; lastKnownFileType = image.png; name = 9.png; path = Resources/images/NumberImages/9.png; sourceTree = "<group>"; };
		746B718B16DF4A12005B5C34 /* 7.png */ = {isa = PBXFileReference; lastKnownFileType = image.png; name = 7.png; path = Resources/images/NumberImages/7.png; sourceTree = "<group>"; };
		746B718C16DF4A12005B5C34 /* 4.png */ = {isa = PBXFileReference; lastKnownFileType = image.png; name = 4.png; path = Resources/images/NumberImages/4.png; sourceTree = "<group>"; };
		746B718D16DF4A12005B5C34 /* 2.png */ = {isa = PBXFileReference; lastKnownFileType = image.png; name = 2.png; path = Resources/images/NumberImages/2.png; sourceTree = "<group>"; };
		746B718E16DF4A12005B5C34 /* 3.png */ = {isa = PBXFileReference; lastKnownFileType = image.png; name = 3.png; path = Resources/images/NumberImages/3.png; sourceTree = "<group>"; };
		746B718F16DF4A12005B5C34 /* 5.png */ = {isa = PBXFileReference; lastKnownFileType = image.png; name = 5.png; path = Resources/images/NumberImages/5.png; sourceTree = "<group>"; };
		746B719016DF4A12005B5C34 /* 6.png */ = {isa = PBXFileReference; lastKnownFileType = image.png; name = 6.png; path = Resources/images/NumberImages/6.png; sourceTree = "<group>"; };
		746B71A916DF4A38005B5C34 /* 4beijing.jpg */ = {isa = PBXFileReference; lastKnownFileType = image.jpeg; path = 4beijing.jpg; sourceTree = "<group>"; };
		746B71AA16DF4A38005B5C34 /* 5beijing.jpg */ = {isa = PBXFileReference; lastKnownFileType = image.jpeg; path = 5beijing.jpg; sourceTree = "<group>"; };
		746B71BC16DF4A38005B5C34 /* alarmHandler.png */ = {isa = PBXFileReference; lastKnownFileType = image.png; path = alarmHandler.png; sourceTree = "<group>"; };
		746B71BD16DF4A38005B5C34 /* alarmHandlerGray.png */ = {isa = PBXFileReference; lastKnownFileType = image.png; path = alarmHandlerGray.png; sourceTree = "<group>"; };
		746B71BE16DF4A38005B5C34 /* clock.png */ = {isa = PBXFileReference; lastKnownFileType = image.png; path = clock.png; sourceTree = "<group>"; };
		746B71BF16DF4A38005B5C34 /* hour.png */ = {isa = PBXFileReference; lastKnownFileType = image.png; path = hour.png; sourceTree = "<group>"; };
		746B71C116DF4A38005B5C34 /* second.png */ = {isa = PBXFileReference; lastKnownFileType = image.png; path = second.png; sourceTree = "<group>"; };
		746B71CC16DF4A38005B5C34 /* ants.png */ = {isa = PBXFileReference; lastKnownFileType = image.png; path = ants.png; sourceTree = "<group>"; };
		746B71CE16DF4A38005B5C34 /* ocdLabel.png */ = {isa = PBXFileReference; lastKnownFileType = image.png; path = ocdLabel.png; sourceTree = "<group>"; };
		746B71CF16DF4A38005B5C34 /* ocdOff.png */ = {isa = PBXFileReference; lastKnownFileType = image.png; path = ocdOff.png; sourceTree = "<group>"; };
		746B71D016DF4A38005B5C34 /* ocdOn.png */ = {isa = PBXFileReference; lastKnownFileType = image.png; path = ocdOn.png; sourceTree = "<group>"; };
		746B71D116DF4A38005B5C34 /* ocdSwitch.png */ = {isa = PBXFileReference; lastKnownFileType = image.png; path = ocdSwitch.png; sourceTree = "<group>"; };
		746B721B16DF4A7D005B5C34 /* 29s.caf */ = {isa = PBXFileReference; lastKnownFileType = file; path = 29s.caf; sourceTree = "<group>"; };
		746B721C16DF4A7D005B5C34 /* music.wav */ = {isa = PBXFileReference; lastKnownFileType = audio.wav; path = music.wav; sourceTree = "<group>"; };
		746B721D16DF4A7D005B5C34 /* short.caf */ = {isa = PBXFileReference; lastKnownFileType = file; path = short.caf; sourceTree = "<group>"; };
		746B721E16DF4A7D005B5C34 /* shortSound.wav */ = {isa = PBXFileReference; lastKnownFileType = audio.wav; path = shortSound.wav; sourceTree = "<group>"; };
		748DD56816DF835F00ADC709 /* antDefault.png */ = {isa = PBXFileReference; lastKnownFileType = image.png; path = antDefault.png; sourceTree = "<group>"; };
		748DD56A16DF83DF00ADC709 /* minute.png */ = {isa = PBXFileReference; lastKnownFileType = image.png; path = minute.png; sourceTree = "<group>"; };
		749538A616CBE1EC009EA265 /* KillAntsAlarm.app */ = {isa = PBXFileReference; explicitFileType = wrapper.application; includeInIndex = 0; path = KillAntsAlarm.app; sourceTree = BUILT_PRODUCTS_DIR; };
		749538A916CBE1EC009EA265 /* UIKit.framework */ = {isa = PBXFileReference; lastKnownFileType = wrapper.framework; name = UIKit.framework; path = System/Library/Frameworks/UIKit.framework; sourceTree = SDKROOT; };
		749538AB16CBE1EC009EA265 /* Foundation.framework */ = {isa = PBXFileReference; lastKnownFileType = wrapper.framework; name = Foundation.framework; path = System/Library/Frameworks/Foundation.framework; sourceTree = SDKROOT; };
		749538AD16CBE1EC009EA265 /* CoreGraphics.framework */ = {isa = PBXFileReference; lastKnownFileType = wrapper.framework; name = CoreGraphics.framework; path = System/Library/Frameworks/CoreGraphics.framework; sourceTree = SDKROOT; };
		749538B116CBE1EC009EA265 /* KillAntsAlarm-Info.plist */ = {isa = PBXFileReference; lastKnownFileType = text.plist.xml; path = "KillAntsAlarm-Info.plist"; sourceTree = "<group>"; };
		749538B316CBE1EC009EA265 /* en */ = {isa = PBXFileReference; lastKnownFileType = text.plist.strings; name = en; path = en.lproj/InfoPlist.strings; sourceTree = "<group>"; };
		749538B516CBE1EC009EA265 /* main.m */ = {isa = PBXFileReference; lastKnownFileType = sourcecode.c.objc; path = main.m; sourceTree = "<group>"; };
		749538B716CBE1EC009EA265 /* KillAntsAlarm-Prefix.pch */ = {isa = PBXFileReference; lastKnownFileType = sourcecode.c.h; path = "KillAntsAlarm-Prefix.pch"; sourceTree = "<group>"; };
		749538B816CBE1EC009EA265 /* KillAntsAlarmAppDelegate.h */ = {isa = PBXFileReference; lastKnownFileType = sourcecode.c.h; path = KillAntsAlarmAppDelegate.h; sourceTree = "<group>"; };
		749538B916CBE1EC009EA265 /* KillAntsAlarmAppDelegate.m */ = {isa = PBXFileReference; lastKnownFileType = sourcecode.c.objc; path = KillAntsAlarmAppDelegate.m; sourceTree = "<group>"; };
		749538BB16CBE1EC009EA265 /* Default.png */ = {isa = PBXFileReference; lastKnownFileType = image.png; path = Default.png; sourceTree = "<group>"; };
		749538BD16CBE1EC009EA265 /* Default@2x.png */ = {isa = PBXFileReference; lastKnownFileType = image.png; path = "Default@2x.png"; sourceTree = "<group>"; };
		749538BF16CBE1EC009EA265 /* Default-568h@2x.png */ = {isa = PBXFileReference; lastKnownFileType = image.png; path = "Default-568h@2x.png"; sourceTree = "<group>"; };
		749538C216CBE1EC009EA265 /* en */ = {isa = PBXFileReference; lastKnownFileType = file.storyboard; name = en; path = en.lproj/MainStoryboard.storyboard; sourceTree = "<group>"; };
		749538C416CBE1EC009EA265 /* KillAntsAlarmViewController.h */ = {isa = PBXFileReference; lastKnownFileType = sourcecode.c.h; path = KillAntsAlarmViewController.h; sourceTree = "<group>"; };
		749538C516CBE1EC009EA265 /* KillAntsAlarmViewController.m */ = {isa = PBXFileReference; lastKnownFileType = sourcecode.c.objc; path = KillAntsAlarmViewController.m; sourceTree = "<group>"; };
		749538CC16CBE1ED009EA265 /* KillAntsAlarmTests.octest */ = {isa = PBXFileReference; explicitFileType = wrapper.cfbundle; includeInIndex = 0; path = KillAntsAlarmTests.octest; sourceTree = BUILT_PRODUCTS_DIR; };
		749538CD16CBE1ED009EA265 /* SenTestingKit.framework */ = {isa = PBXFileReference; lastKnownFileType = wrapper.framework; name = SenTestingKit.framework; path = Library/Frameworks/SenTestingKit.framework; sourceTree = DEVELOPER_DIR; };
		749538D516CBE1ED009EA265 /* KillAntsAlarmTests-Info.plist */ = {isa = PBXFileReference; lastKnownFileType = text.plist.xml; path = "KillAntsAlarmTests-Info.plist"; sourceTree = "<group>"; };
		749538D716CBE1ED009EA265 /* en */ = {isa = PBXFileReference; lastKnownFileType = text.plist.strings; name = en; path = en.lproj/InfoPlist.strings; sourceTree = "<group>"; };
		749538D916CBE1ED009EA265 /* KillAntsAlarmTests.h */ = {isa = PBXFileReference; lastKnownFileType = sourcecode.c.h; path = KillAntsAlarmTests.h; sourceTree = "<group>"; };
		749538DA16CBE1ED009EA265 /* KillAntsAlarmTests.m */ = {isa = PBXFileReference; lastKnownFileType = sourcecode.c.objc; path = KillAntsAlarmTests.m; sourceTree = "<group>"; };
		74E3DE2B16E3865800E1FBF7 /* 8.png */ = {isa = PBXFileReference; lastKnownFileType = image.png; name = 8.png; path = Resources/images/NumberImages/8.png; sourceTree = "<group>"; };
		74E3DE2D16E3868300E1FBF7 /* antDead.png */ = {isa = PBXFileReference; lastKnownFileType = image.png; path = antDead.png; sourceTree = "<group>"; };
		74E3DE2F16E3872000E1FBF7 /* ip41.jpg */ = {isa = PBXFileReference; lastKnownFileType = image.jpeg; path = ip41.jpg; sourceTree = "<group>"; };
		74E3DE3016E3872000E1FBF7 /* ip40.jpg */ = {isa = PBXFileReference; lastKnownFileType = image.jpeg; path = ip40.jpg; sourceTree = "<group>"; };
		74E3DE3116E3872000E1FBF7 /* ip50.jpg */ = {isa = PBXFileReference; lastKnownFileType = image.jpeg; path = ip50.jpg; sourceTree = "<group>"; };
		74E3DE3216E3872000E1FBF7 /* ip51.jpg */ = {isa = PBXFileReference; lastKnownFileType = image.jpeg; path = ip51.jpg; sourceTree = "<group>"; };
		74E3DE3716E3875C00E1FBF7 /* antHit.mp3 */ = {isa = PBXFileReference; lastKnownFileType = audio.mp3; path = antHit.mp3; sourceTree = "<group>"; };
		74E3DE3816E3875C00E1FBF7 /* antsDie.mp3 */ = {isa = PBXFileReference; lastKnownFileType = audio.mp3; path = antsDie.mp3; sourceTree = "<group>"; };
		74E3DE3B16E387A700E1FBF7 /* line.png */ = {isa = PBXFileReference; lastKnownFileType = image.png; path = line.png; sourceTree = "<group>"; };
		74E3DE3D16E387C400E1FBF7 /* hour1.png */ = {isa = PBXFileReference; lastKnownFileType = image.png; path = hour1.png; sourceTree = "<group>"; };
		74E3DE3E16E387C400E1FBF7 /* mimute1.png */ = {isa = PBXFileReference; lastKnownFileType = image.png; path = mimute1.png; sourceTree = "<group>"; };
		74E3DE4116E3880200E1FBF7 /* antOcd.png */ = {isa = PBXFileReference; lastKnownFileType = image.png; path = antOcd.png; sourceTree = "<group>"; };
		74E3DE4216E3880200E1FBF7 /* ant.png */ = {isa = PBXFileReference; lastKnownFileType = image.png; path = ant.png; sourceTree = "<group>"; };
		74E3DE4316E3880200E1FBF7 /* ocd.png */ = {isa = PBXFileReference; lastKnownFileType = image.png; path = ocd.png; sourceTree = "<group>"; };
/* End PBXFileReference section */

/* Begin PBXFrameworksBuildPhase section */
		749538A316CBE1EC009EA265 /* Frameworks */ = {
			isa = PBXFrameworksBuildPhase;
			buildActionMask = 2147483647;
			files = (
				743A195616DA672100788F95 /* AudioToolbox.framework in Frameworks */,
				743A195416DA662F00788F95 /* AVFoundation.framework in Frameworks */,
				74518AAF16CFF8A500133217 /* QuartzCore.framework in Frameworks */,
				749538AA16CBE1EC009EA265 /* UIKit.framework in Frameworks */,
				749538AC16CBE1EC009EA265 /* Foundation.framework in Frameworks */,
				749538AE16CBE1EC009EA265 /* CoreGraphics.framework in Frameworks */,
			);
			runOnlyForDeploymentPostprocessing = 0;
		};
		749538C816CBE1ED009EA265 /* Frameworks */ = {
			isa = PBXFrameworksBuildPhase;
			buildActionMask = 2147483647;
			files = (
				749538CE16CBE1ED009EA265 /* SenTestingKit.framework in Frameworks */,
				749538CF16CBE1ED009EA265 /* UIKit.framework in Frameworks */,
				749538D016CBE1ED009EA265 /* Foundation.framework in Frameworks */,
			);
			runOnlyForDeploymentPostprocessing = 0;
		};
/* End PBXFrameworksBuildPhase section */

/* Begin PBXGroup section */
		742EC80D16D501FA009F370D /* ZUUIRevealController */ = {
			isa = PBXGroup;
			children = (
				742EC80E16D50209009F370D /* ZUUIRevealController.h */,
				742EC80F16D50209009F370D /* ZUUIRevealController.m */,
			);
			name = ZUUIRevealController;
			sourceTree = "<group>";
		};
		743947ED16E43A720057411D /* RedAnt */ = {
			isa = PBXGroup;
			children = (
				743947EE16E43A820057411D /* redAnt0.png */,
				743947EF16E43A820057411D /* redAnt8.png */,
				743947F016E43A820057411D /* redAnt7.png */,
				743947F116E43A820057411D /* redAnt6.png */,
				743947F216E43A820057411D /* redAnt5.png */,
				743947F316E43A820057411D /* redAnt4.png */,
				743947F416E43A820057411D /* redAnt3.png */,
				743947F516E43A820057411D /* redAnt2.png */,
				743947F616E43A820057411D /* redAnt1.png */,
			);
			name = RedAnt;
			sourceTree = "<group>";
		};
		7439480016E43A870057411D /* BlackAnt */ = {
			isa = PBXGroup;
			children = (
				743947DA16E43A220057411D /* ant0.png */,
				743947DB16E43A220057411D /* ant1.png */,
				743947DC16E43A220057411D /* ant2.png */,
				743947DD16E43A220057411D /* ant3.png */,
				743947DE16E43A220057411D /* ant4.png */,
				743947DF16E43A220057411D /* ant5.png */,
				743947E016E43A220057411D /* ant6.png */,
				743947E116E43A220057411D /* ant7.png */,
				743947E216E43A220057411D /* ant8.png */,
			);
			name = BlackAnt;
			sourceTree = "<group>";
		};
		7439480116E46B2F0057411D /* Icons */ = {
			isa = PBXGroup;
			children = (
				7439481616E47B940057411D /* Icon-72.png */,
				7439481716E47B940057411D /* Icon-Small-50.png */,
				7439481816E47B940057411D /* Icon-Small.png */,
				7439481916E47B940057411D /* Icon-Small@2x.png */,
				7439481A16E47B940057411D /* Icon.png */,
				7439481B16E47B940057411D /* Icon@2x.png */,
				7439481C16E47B940057411D /* iTunesArtwork.png */,
				7439481D16E47B940057411D /* iTunesArtwork@2x.png */,
				7439481E16E47B940057411D /* LOGO_100pix.png */,
				7439481F16E47B940057411D /* LOGO_144pix.png */,
			);
			name = Icons;
			sourceTree = "<group>";
		};
		7443AB0C16D3D01900A559C9 /* Utils */ = {
			isa = PBXGroup;
			children = (
				74446FF716D62BA50007760A /* CustomUISwitch */,
				742EC80D16D501FA009F370D /* ZUUIRevealController */,
				7443AB0D16D3D9F800A559C9 /* PPRevealSideViewController */,
			);
			name = Utils;
			sourceTree = "<group>";
		};
		7443AB0D16D3D9F800A559C9 /* PPRevealSideViewController */ = {
			isa = PBXGroup;
			children = (
				746B716F16DF4807005B5C34 /* PPRevealSideViewController.m */,
				746B717016DF4807005B5C34 /* PPRevealSideViewController.h */,
			);
			name = PPRevealSideViewController;
			sourceTree = "<group>";
		};
		74446FF716D62BA50007760A /* CustomUISwitch */ = {
			isa = PBXGroup;
			children = (
				746B718316DF4956005B5C34 /* CustomUISwtich.m */,
				746B718416DF4956005B5C34 /* CustomUISwtich.h */,
			);
			name = CustomUISwitch;
			sourceTree = "<group>";
		};
		7447287616DDBF48003A3102 /* Ant */ = {
			isa = PBXGroup;
			children = (
				746B717316DF4814005B5C34 /* Ant.h */,
				746B717416DF4814005B5C34 /* Ant.m */,
			);
			name = Ant;
			sourceTree = "<group>";
		};
		74518A4216CE266600133217 /* Clock */ = {
			isa = PBXGroup;
			children = (
				746B717716DF481F005B5C34 /* ClockView.m */,
				746B717816DF481F005B5C34 /* ClockView.h */,
			);
			name = Clock;
			sourceTree = "<group>";
		};
		74518A4716CE2C4600133217 /* Resources */ = {
			isa = PBXGroup;
			children = (
				746B721A16DF4A7D005B5C34 /* Music */,
				74518A6A16CE2C6E00133217 /* Images */,
			);
			name = Resources;
			sourceTree = "<group>";
		};
		74518A4816CE2C5100133217 /* NumbersImage */ = {
			isa = PBXGroup;
			children = (
				74E3DE2B16E3865800E1FBF7 /* 8.png */,
				746B718716DF4A12005B5C34 /* point.png */,
				746B718816DF4A12005B5C34 /* 0.png */,
				746B718916DF4A12005B5C34 /* 1.png */,
				746B718A16DF4A12005B5C34 /* 9.png */,
				746B718B16DF4A12005B5C34 /* 7.png */,
				746B718C16DF4A12005B5C34 /* 4.png */,
				746B718D16DF4A12005B5C34 /* 2.png */,
				746B718E16DF4A12005B5C34 /* 3.png */,
				746B718F16DF4A12005B5C34 /* 5.png */,
				746B719016DF4A12005B5C34 /* 6.png */,
			);
			name = NumbersImage;
			sourceTree = "<group>";
		};
		74518A6A16CE2C6E00133217 /* Images */ = {
			isa = PBXGroup;
			children = (
				7439480116E46B2F0057411D /* Icons */,
				746B71A816DF4A38005B5C34 /* Backgrounds */,
				746B71B616DF4A38005B5C34 /* Introduction */,
				746B71BB16DF4A38005B5C34 /* Clock */,
				746B71C216DF4A38005B5C34 /* AntAnimation */,
				746B71CD16DF4A38005B5C34 /* OCD Model */,
				74518A4816CE2C5100133217 /* NumbersImage */,
			);
			name = Images;
			sourceTree = "<group>";
		};
		746B71A816DF4A38005B5C34 /* Backgrounds */ = {
			isa = PBXGroup;
			children = (
				746B71A916DF4A38005B5C34 /* 4beijing.jpg */,
				746B71AA16DF4A38005B5C34 /* 5beijing.jpg */,
			);
			name = Backgrounds;
			path = Resources/images/Backgrounds;
			sourceTree = "<group>";
		};
		746B71B616DF4A38005B5C34 /* Introduction */ = {
			isa = PBXGroup;
			children = (
				74E3DE2F16E3872000E1FBF7 /* ip41.jpg */,
				74E3DE3016E3872000E1FBF7 /* ip40.jpg */,
				74E3DE3116E3872000E1FBF7 /* ip50.jpg */,
				74E3DE3216E3872000E1FBF7 /* ip51.jpg */,
			);
			name = Introduction;
			path = Resources/images/Introduction;
			sourceTree = "<group>";
		};
		746B71BB16DF4A38005B5C34 /* Clock */ = {
			isa = PBXGroup;
			children = (
				74E3DE3D16E387C400E1FBF7 /* hour1.png */,
				74E3DE3E16E387C400E1FBF7 /* mimute1.png */,
				74E3DE3B16E387A700E1FBF7 /* line.png */,
				748DD56816DF835F00ADC709 /* antDefault.png */,
				748DD56A16DF83DF00ADC709 /* minute.png */,
				746B71BC16DF4A38005B5C34 /* alarmHandler.png */,
				746B71BD16DF4A38005B5C34 /* alarmHandlerGray.png */,
				746B71BE16DF4A38005B5C34 /* clock.png */,
				746B71BF16DF4A38005B5C34 /* hour.png */,
				746B71C116DF4A38005B5C34 /* second.png */,
			);
			name = Clock;
			path = Resources/images/Clock;
			sourceTree = "<group>";
		};
		746B71C216DF4A38005B5C34 /* AntAnimation */ = {
			isa = PBXGroup;
			children = (
				7439480016E43A870057411D /* BlackAnt */,
				743947ED16E43A720057411D /* RedAnt */,
				74E3DE2D16E3868300E1FBF7 /* antDead.png */,
				746B71CC16DF4A38005B5C34 /* ants.png */,
			);
			name = AntAnimation;
			path = Resources/images/AntAnimation;
			sourceTree = "<group>";
		};
		746B71CD16DF4A38005B5C34 /* OCD Model */ = {
			isa = PBXGroup;
			children = (
				74E3DE4116E3880200E1FBF7 /* antOcd.png */,
				74E3DE4216E3880200E1FBF7 /* ant.png */,
				74E3DE4316E3880200E1FBF7 /* ocd.png */,
				746B71CE16DF4A38005B5C34 /* ocdLabel.png */,
				746B71CF16DF4A38005B5C34 /* ocdOff.png */,
				746B71D016DF4A38005B5C34 /* ocdOn.png */,
				746B71D116DF4A38005B5C34 /* ocdSwitch.png */,
			);
			name = "OCD Model";
			path = "Resources/images/OCD Model";
			sourceTree = "<group>";
		};
		746B721A16DF4A7D005B5C34 /* Music */ = {
			isa = PBXGroup;
			children = (
				74E3DE3716E3875C00E1FBF7 /* antHit.mp3 */,
				74E3DE3816E3875C00E1FBF7 /* antsDie.mp3 */,
				746B721B16DF4A7D005B5C34 /* 29s.caf */,
				746B721C16DF4A7D005B5C34 /* music.wav */,
				746B721D16DF4A7D005B5C34 /* short.caf */,
				746B721E16DF4A7D005B5C34 /* shortSound.wav */,
			);
			name = Music;
			path = Resources/Music;
			sourceTree = "<group>";
		};
		7495389D16CBE1EC009EA265 = {
			isa = PBXGroup;
			children = (
				749538AF16CBE1EC009EA265 /* KillAntsAlarm */,
				749538D316CBE1ED009EA265 /* KillAntsAlarmTests */,
				749538A816CBE1EC009EA265 /* Frameworks */,
				749538A716CBE1EC009EA265 /* Products */,
			);
			sourceTree = "<group>";
		};
		749538A716CBE1EC009EA265 /* Products */ = {
			isa = PBXGroup;
			children = (
				749538A616CBE1EC009EA265 /* KillAntsAlarm.app */,
				749538CC16CBE1ED009EA265 /* KillAntsAlarmTests.octest */,
			);
			name = Products;
			sourceTree = "<group>";
		};
		749538A816CBE1EC009EA265 /* Frameworks */ = {
			isa = PBXGroup;
			children = (
				74518AAE16CFF8A500133217 /* QuartzCore.framework */,
				743A195516DA672100788F95 /* AudioToolbox.framework */,
				743A195316DA662F00788F95 /* AVFoundation.framework */,
				749538A916CBE1EC009EA265 /* UIKit.framework */,
				749538AB16CBE1EC009EA265 /* Foundation.framework */,
				749538AD16CBE1EC009EA265 /* CoreGraphics.framework */,
				749538CD16CBE1ED009EA265 /* SenTestingKit.framework */,
			);
			name = Frameworks;
			sourceTree = "<group>";
		};
		749538AF16CBE1EC009EA265 /* KillAntsAlarm */ = {
			isa = PBXGroup;
			children = (
				746B717B16DF4915005B5C34 /* KillAntsAlarmStartViewController.h */,
				746B717D16DF4915005B5C34 /* KillAntsAlarmStartViewController.m */,
				746B717E16DF4915005B5C34 /* KillAntsAlarmIntroductionViewController.h */,
				746B717C16DF4915005B5C34 /* KillAntsAlarmIntroductionViewController.m */,
				7447287616DDBF48003A3102 /* Ant */,
				7443AB0C16D3D01900A559C9 /* Utils */,
				74518A4716CE2C4600133217 /* Resources */,
				74518A4216CE266600133217 /* Clock */,
				749538B816CBE1EC009EA265 /* KillAntsAlarmAppDelegate.h */,
				749538B916CBE1EC009EA265 /* KillAntsAlarmAppDelegate.m */,
				749538C116CBE1EC009EA265 /* MainStoryboard.storyboard */,
				749538C416CBE1EC009EA265 /* KillAntsAlarmViewController.h */,
				749538C516CBE1EC009EA265 /* KillAntsAlarmViewController.m */,
				7443AB1A16D3DFC900A559C9 /* KillAntsAlarmOCDModel.h */,
				7443AB1B16D3DFCA00A559C9 /* KillAntsAlarmOCDModel.m */,
				742EC81216D50362009F370D /* RevealController.h */,
				742EC81316D50362009F370D /* RevealController.m */,
				749538B016CBE1EC009EA265 /* Supporting Files */,
			);
			path = KillAntsAlarm;
			sourceTree = "<group>";
		};
		749538B016CBE1EC009EA265 /* Supporting Files */ = {
			isa = PBXGroup;
			children = (
				749538B116CBE1EC009EA265 /* KillAntsAlarm-Info.plist */,
				749538B216CBE1EC009EA265 /* InfoPlist.strings */,
				749538B516CBE1EC009EA265 /* main.m */,
				749538B716CBE1EC009EA265 /* KillAntsAlarm-Prefix.pch */,
				749538BB16CBE1EC009EA265 /* Default.png */,
				749538BD16CBE1EC009EA265 /* Default@2x.png */,
				749538BF16CBE1EC009EA265 /* Default-568h@2x.png */,
			);
			name = "Supporting Files";
			sourceTree = "<group>";
		};
		749538D316CBE1ED009EA265 /* KillAntsAlarmTests */ = {
			isa = PBXGroup;
			children = (
				749538D916CBE1ED009EA265 /* KillAntsAlarmTests.h */,
				749538DA16CBE1ED009EA265 /* KillAntsAlarmTests.m */,
				749538D416CBE1ED009EA265 /* Supporting Files */,
			);
			path = KillAntsAlarmTests;
			sourceTree = "<group>";
		};
		749538D416CBE1ED009EA265 /* Supporting Files */ = {
			isa = PBXGroup;
			children = (
				749538D516CBE1ED009EA265 /* KillAntsAlarmTests-Info.plist */,
				749538D616CBE1ED009EA265 /* InfoPlist.strings */,
			);
			name = "Supporting Files";
			sourceTree = "<group>";
		};
/* End PBXGroup section */

/* Begin PBXNativeTarget section */
		749538A516CBE1EC009EA265 /* KillAntsAlarm */ = {
			isa = PBXNativeTarget;
			buildConfigurationList = 749538DE16CBE1ED009EA265 /* Build configuration list for PBXNativeTarget "KillAntsAlarm" */;
			buildPhases = (
				749538A216CBE1EC009EA265 /* Sources */,
				749538A316CBE1EC009EA265 /* Frameworks */,
				749538A416CBE1EC009EA265 /* Resources */,
			);
			buildRules = (
			);
			dependencies = (
			);
			name = KillAntsAlarm;
			productName = KillAntsAlarm;
			productReference = 749538A616CBE1EC009EA265 /* KillAntsAlarm.app */;
			productType = "com.apple.product-type.application";
		};
		749538CB16CBE1ED009EA265 /* KillAntsAlarmTests */ = {
			isa = PBXNativeTarget;
			buildConfigurationList = 749538E116CBE1ED009EA265 /* Build configuration list for PBXNativeTarget "KillAntsAlarmTests" */;
			buildPhases = (
				749538C716CBE1ED009EA265 /* Sources */,
				749538C816CBE1ED009EA265 /* Frameworks */,
				749538C916CBE1ED009EA265 /* Resources */,
				749538CA16CBE1ED009EA265 /* ShellScript */,
			);
			buildRules = (
			);
			dependencies = (
				749538D216CBE1ED009EA265 /* PBXTargetDependency */,
			);
			name = KillAntsAlarmTests;
			productName = KillAntsAlarmTests;
			productReference = 749538CC16CBE1ED009EA265 /* KillAntsAlarmTests.octest */;
			productType = "com.apple.product-type.bundle";
		};
/* End PBXNativeTarget section */

/* Begin PBXProject section */
		7495389E16CBE1EC009EA265 /* Project object */ = {
			isa = PBXProject;
			attributes = {
				CLASSPREFIX = KillAntsAlarm;
				LastUpgradeCheck = 0460;
				ORGANIZATIONNAME = "xu jingwei";
			};
			buildConfigurationList = 749538A116CBE1EC009EA265 /* Build configuration list for PBXProject "KillAntsAlarm" */;
			compatibilityVersion = "Xcode 3.2";
			developmentRegion = English;
			hasScannedForEncodings = 0;
			knownRegions = (
				en,
			);
			mainGroup = 7495389D16CBE1EC009EA265;
			productRefGroup = 749538A716CBE1EC009EA265 /* Products */;
			projectDirPath = "";
			projectRoot = "";
			targets = (
				749538A516CBE1EC009EA265 /* KillAntsAlarm */,
				749538CB16CBE1ED009EA265 /* KillAntsAlarmTests */,
			);
		};
/* End PBXProject section */

/* Begin PBXResourcesBuildPhase section */
		749538A416CBE1EC009EA265 /* Resources */ = {
			isa = PBXResourcesBuildPhase;
			buildActionMask = 2147483647;
			files = (
				749538B416CBE1EC009EA265 /* InfoPlist.strings in Resources */,
				749538BC16CBE1EC009EA265 /* Default.png in Resources */,
				749538BE16CBE1EC009EA265 /* Default@2x.png in Resources */,
				749538C016CBE1EC009EA265 /* Default-568h@2x.png in Resources */,
				749538C316CBE1EC009EA265 /* MainStoryboard.storyboard in Resources */,
				746B719216DF4A12005B5C34 /* point.png in Resources */,
				746B719416DF4A12005B5C34 /* 0.png in Resources */,
				746B719616DF4A12005B5C34 /* 1.png in Resources */,
				746B719816DF4A12005B5C34 /* 9.png in Resources */,
				746B719A16DF4A13005B5C34 /* 7.png in Resources */,
				746B719C16DF4A13005B5C34 /* 4.png in Resources */,
				746B719E16DF4A13005B5C34 /* 2.png in Resources */,
				746B71A016DF4A13005B5C34 /* 3.png in Resources */,
				746B71A216DF4A13005B5C34 /* 5.png in Resources */,
				746B71A416DF4A13005B5C34 /* 6.png in Resources */,
				746B71D216DF4A38005B5C34 /* 4beijing.jpg in Resources */,
				746B71D416DF4A38005B5C34 /* 5beijing.jpg in Resources */,
				746B71F216DF4A38005B5C34 /* alarmHandler.png in Resources */,
				746B71F416DF4A38005B5C34 /* alarmHandlerGray.png in Resources */,
				746B71F616DF4A38005B5C34 /* clock.png in Resources */,
				746B71F816DF4A38005B5C34 /* hour.png in Resources */,
				746B71FC16DF4A38005B5C34 /* second.png in Resources */,
				746B721016DF4A38005B5C34 /* ants.png in Resources */,
				746B721216DF4A38005B5C34 /* ocdLabel.png in Resources */,
				746B721416DF4A38005B5C34 /* ocdOff.png in Resources */,
				746B721616DF4A38005B5C34 /* ocdOn.png in Resources */,
				746B721816DF4A38005B5C34 /* ocdSwitch.png in Resources */,
				746B721F16DF4A7D005B5C34 /* 29s.caf in Resources */,
				746B722116DF4A7D005B5C34 /* music.wav in Resources */,
				746B722316DF4A7D005B5C34 /* short.caf in Resources */,
				746B722516DF4A7D005B5C34 /* shortSound.wav in Resources */,
				748DD56916DF835F00ADC709 /* antDefault.png in Resources */,
				748DD56B16DF83DF00ADC709 /* minute.png in Resources */,
				74E3DE2C16E3865800E1FBF7 /* 8.png in Resources */,
				74E3DE2E16E3868300E1FBF7 /* antDead.png in Resources */,
				74E3DE3316E3872000E1FBF7 /* ip41.jpg in Resources */,
				74E3DE3416E3872000E1FBF7 /* ip40.jpg in Resources */,
				74E3DE3516E3872000E1FBF7 /* ip50.jpg in Resources */,
				74E3DE3616E3872000E1FBF7 /* ip51.jpg in Resources */,
				74E3DE3916E3875C00E1FBF7 /* antHit.mp3 in Resources */,
				74E3DE3A16E3875C00E1FBF7 /* antsDie.mp3 in Resources */,
				74E3DE3C16E387A700E1FBF7 /* line.png in Resources */,
				74E3DE3F16E387C400E1FBF7 /* hour1.png in Resources */,
				74E3DE4016E387C400E1FBF7 /* mimute1.png in Resources */,
				74E3DE4416E3880200E1FBF7 /* antOcd.png in Resources */,
				74E3DE4516E3880200E1FBF7 /* ant.png in Resources */,
				74E3DE4616E3880200E1FBF7 /* ocd.png in Resources */,
				743947E316E43A220057411D /* ant0.png in Resources */,
				743947E416E43A220057411D /* ant1.png in Resources */,
				743947E516E43A220057411D /* ant2.png in Resources */,
				743947E616E43A220057411D /* ant3.png in Resources */,
				743947E716E43A220057411D /* ant4.png in Resources */,
				743947E816E43A220057411D /* ant5.png in Resources */,
				743947E916E43A220057411D /* ant6.png in Resources */,
				743947EA16E43A220057411D /* ant7.png in Resources */,
				743947EB16E43A220057411D /* ant8.png in Resources */,
				743947F716E43A820057411D /* redAnt0.png in Resources */,
				743947F816E43A820057411D /* redAnt8.png in Resources */,
				743947F916E43A820057411D /* redAnt7.png in Resources */,
				743947FA16E43A820057411D /* redAnt6.png in Resources */,
				743947FB16E43A820057411D /* redAnt5.png in Resources */,
				743947FC16E43A820057411D /* redAnt4.png in Resources */,
				743947FD16E43A820057411D /* redAnt3.png in Resources */,
				743947FE16E43A820057411D /* redAnt2.png in Resources */,
				743947FF16E43A820057411D /* redAnt1.png in Resources */,
				7439482016E47B940057411D /* Icon-72.png in Resources */,
				7439482116E47B940057411D /* Icon-Small-50.png in Resources */,
				7439482216E47B940057411D /* Icon-Small.png in Resources */,
				7439482316E47B940057411D /* Icon-Small@2x.png in Resources */,
				7439482416E47B940057411D /* Icon.png in Resources */,
				7439482516E47B940057411D /* Icon@2x.png in Resources */,
				7439482616E47B940057411D /* iTunesArtwork.png in Resources */,
				7439482716E47B940057411D /* iTunesArtwork@2x.png in Resources */,
				7439482816E47B940057411D /* LOGO_100pix.png in Resources */,
				7439482916E47B940057411D /* LOGO_144pix.png in Resources */,
			);
			runOnlyForDeploymentPostprocessing = 0;
		};
		749538C916CBE1ED009EA265 /* Resources */ = {
			isa = PBXResourcesBuildPhase;
			buildActionMask = 2147483647;
			files = (
				749538D816CBE1ED009EA265 /* InfoPlist.strings in Resources */,
				746B719316DF4A12005B5C34 /* point.png in Resources */,
				746B719516DF4A12005B5C34 /* 0.png in Resources */,
				746B719716DF4A12005B5C34 /* 1.png in Resources */,
				746B719916DF4A13005B5C34 /* 9.png in Resources */,
				746B719B16DF4A13005B5C34 /* 7.png in Resources */,
				746B719D16DF4A13005B5C34 /* 4.png in Resources */,
				746B719F16DF4A13005B5C34 /* 2.png in Resources */,
				746B71A116DF4A13005B5C34 /* 3.png in Resources */,
				746B71A316DF4A13005B5C34 /* 5.png in Resources */,
				746B71A516DF4A13005B5C34 /* 6.png in Resources */,
				746B71D316DF4A38005B5C34 /* 4beijing.jpg in Resources */,
				746B71D516DF4A38005B5C34 /* 5beijing.jpg in Resources */,
				746B71F316DF4A38005B5C34 /* alarmHandler.png in Resources */,
				746B71F516DF4A38005B5C34 /* alarmHandlerGray.png in Resources */,
				746B71F716DF4A38005B5C34 /* clock.png in Resources */,
				746B71F916DF4A38005B5C34 /* hour.png in Resources */,
				746B71FD16DF4A38005B5C34 /* second.png in Resources */,
				746B721116DF4A38005B5C34 /* ants.png in Resources */,
				746B721316DF4A38005B5C34 /* ocdLabel.png in Resources */,
				746B721516DF4A38005B5C34 /* ocdOff.png in Resources */,
				746B721716DF4A38005B5C34 /* ocdOn.png in Resources */,
				746B721916DF4A38005B5C34 /* ocdSwitch.png in Resources */,
				746B722016DF4A7D005B5C34 /* 29s.caf in Resources */,
				746B722216DF4A7D005B5C34 /* music.wav in Resources */,
				746B722416DF4A7D005B5C34 /* short.caf in Resources */,
				746B722616DF4A7D005B5C34 /* shortSound.wav in Resources */,
			);
			runOnlyForDeploymentPostprocessing = 0;
		};
/* End PBXResourcesBuildPhase section */

/* Begin PBXShellScriptBuildPhase section */
		749538CA16CBE1ED009EA265 /* ShellScript */ = {
			isa = PBXShellScriptBuildPhase;
			buildActionMask = 2147483647;
			files = (
			);
			inputPaths = (
			);
			outputPaths = (
			);
			runOnlyForDeploymentPostprocessing = 0;
			shellPath = /bin/sh;
			shellScript = "# Run the unit tests in this test bundle.\n\"${SYSTEM_DEVELOPER_DIR}/Tools/RunUnitTests\"\n";
		};
/* End PBXShellScriptBuildPhase section */

/* Begin PBXSourcesBuildPhase section */
		749538A216CBE1EC009EA265 /* Sources */ = {
			isa = PBXSourcesBuildPhase;
			buildActionMask = 2147483647;
			files = (
				749538B616CBE1EC009EA265 /* main.m in Sources */,
				749538BA16CBE1EC009EA265 /* KillAntsAlarmAppDelegate.m in Sources */,
				749538C616CBE1EC009EA265 /* KillAntsAlarmViewController.m in Sources */,
				7443AB1C16D3DFCA00A559C9 /* KillAntsAlarmOCDModel.m in Sources */,
				742EC81016D50209009F370D /* ZUUIRevealController.m in Sources */,
				742EC81416D50362009F370D /* RevealController.m in Sources */,
				746B717116DF4807005B5C34 /* PPRevealSideViewController.m in Sources */,
				746B717516DF4814005B5C34 /* Ant.m in Sources */,
				746B717916DF481F005B5C34 /* ClockView.m in Sources */,
				746B717F16DF4915005B5C34 /* KillAntsAlarmIntroductionViewController.m in Sources */,
				746B718116DF4915005B5C34 /* KillAntsAlarmStartViewController.m in Sources */,
				746B718516DF4956005B5C34 /* CustomUISwtich.m in Sources */,
			);
			runOnlyForDeploymentPostprocessing = 0;
		};
		749538C716CBE1ED009EA265 /* Sources */ = {
			isa = PBXSourcesBuildPhase;
			buildActionMask = 2147483647;
			files = (
				749538DB16CBE1ED009EA265 /* KillAntsAlarmTests.m in Sources */,
				7443AB1D16D3DFCA00A559C9 /* KillAntsAlarmOCDModel.m in Sources */,
				742EC81116D50209009F370D /* ZUUIRevealController.m in Sources */,
				742EC81516D50362009F370D /* RevealController.m in Sources */,
				746B717216DF4807005B5C34 /* PPRevealSideViewController.m in Sources */,
				746B717616DF4814005B5C34 /* Ant.m in Sources */,
				746B717A16DF481F005B5C34 /* ClockView.m in Sources */,
				746B718016DF4915005B5C34 /* KillAntsAlarmIntroductionViewController.m in Sources */,
				746B718216DF4915005B5C34 /* KillAntsAlarmStartViewController.m in Sources */,
				746B718616DF4956005B5C34 /* CustomUISwtich.m in Sources */,
			);
			runOnlyForDeploymentPostprocessing = 0;
		};
/* End PBXSourcesBuildPhase section */

/* Begin PBXTargetDependency section */
		749538D216CBE1ED009EA265 /* PBXTargetDependency */ = {
			isa = PBXTargetDependency;
			target = 749538A516CBE1EC009EA265 /* KillAntsAlarm */;
			targetProxy = 749538D116CBE1ED009EA265 /* PBXContainerItemProxy */;
		};
/* End PBXTargetDependency section */

/* Begin PBXVariantGroup section */
		749538B216CBE1EC009EA265 /* InfoPlist.strings */ = {
			isa = PBXVariantGroup;
			children = (
				749538B316CBE1EC009EA265 /* en */,
			);
			name = InfoPlist.strings;
			sourceTree = "<group>";
		};
		749538C116CBE1EC009EA265 /* MainStoryboard.storyboard */ = {
			isa = PBXVariantGroup;
			children = (
				749538C216CBE1EC009EA265 /* en */,
			);
			name = MainStoryboard.storyboard;
			sourceTree = "<group>";
		};
		749538D616CBE1ED009EA265 /* InfoPlist.strings */ = {
			isa = PBXVariantGroup;
			children = (
				749538D716CBE1ED009EA265 /* en */,
			);
			name = InfoPlist.strings;
			sourceTree = "<group>";
		};
/* End PBXVariantGroup section */

/* Begin XCBuildConfiguration section */
		749538DC16CBE1ED009EA265 /* Debug */ = {
			isa = XCBuildConfiguration;
			buildSettings = {
				ALWAYS_SEARCH_USER_PATHS = NO;
				CLANG_CXX_LANGUAGE_STANDARD = "gnu++0x";
				CLANG_CXX_LIBRARY = "libc++";
				CLANG_ENABLE_OBJC_ARC = YES;
				CLANG_WARN_CONSTANT_CONVERSION = YES;
				CLANG_WARN_EMPTY_BODY = YES;
				CLANG_WARN_ENUM_CONVERSION = YES;
				CLANG_WARN_INT_CONVERSION = YES;
				CLANG_WARN__DUPLICATE_METHOD_MATCH = YES;
				"CODE_SIGN_IDENTITY[sdk=iphoneos*]" = "iPhone Developer";
				COPY_PHASE_STRIP = NO;
				GCC_C_LANGUAGE_STANDARD = gnu99;
				GCC_DYNAMIC_NO_PIC = NO;
				GCC_OPTIMIZATION_LEVEL = 0;
				GCC_PREPROCESSOR_DEFINITIONS = (
					"DEBUG=1",
					"$(inherited)",
				);
				GCC_SYMBOLS_PRIVATE_EXTERN = NO;
				GCC_WARN_ABOUT_RETURN_TYPE = YES;
				GCC_WARN_UNINITIALIZED_AUTOS = YES;
				GCC_WARN_UNUSED_VARIABLE = YES;
				IPHONEOS_DEPLOYMENT_TARGET = 6.1;
				ONLY_ACTIVE_ARCH = YES;
				SDKROOT = iphoneos;
			};
			name = Debug;
		};
		749538DD16CBE1ED009EA265 /* Release */ = {
			isa = XCBuildConfiguration;
			buildSettings = {
				ALWAYS_SEARCH_USER_PATHS = NO;
				CLANG_CXX_LANGUAGE_STANDARD = "gnu++0x";
				CLANG_CXX_LIBRARY = "libc++";
				CLANG_ENABLE_OBJC_ARC = YES;
				CLANG_WARN_CONSTANT_CONVERSION = YES;
				CLANG_WARN_EMPTY_BODY = YES;
				CLANG_WARN_ENUM_CONVERSION = YES;
				CLANG_WARN_INT_CONVERSION = YES;
				CLANG_WARN__DUPLICATE_METHOD_MATCH = YES;
				"CODE_SIGN_IDENTITY[sdk=iphoneos*]" = "iPhone Developer";
				COPY_PHASE_STRIP = YES;
				GCC_C_LANGUAGE_STANDARD = gnu99;
				GCC_WARN_ABOUT_RETURN_TYPE = YES;
				GCC_WARN_UNINITIALIZED_AUTOS = YES;
				GCC_WARN_UNUSED_VARIABLE = YES;
				IPHONEOS_DEPLOYMENT_TARGET = 6.1;
				OTHER_CFLAGS = "-DNS_BLOCK_ASSERTIONS=1";
				SDKROOT = iphoneos;
				VALIDATE_PRODUCT = YES;
			};
			name = Release;
		};
		749538DF16CBE1ED009EA265 /* Debug */ = {
			isa = XCBuildConfiguration;
			buildSettings = {
				CODE_SIGN_IDENTITY = "";
				"CODE_SIGN_IDENTITY[sdk=iphoneos*]" = "iPhone Developer: Jingwei Xu (BLASX4QZ2S)";
				GCC_PRECOMPILE_PREFIX_HEADER = YES;
				GCC_PREFIX_HEADER = "KillAntsAlarm/KillAntsAlarm-Prefix.pch";
				INFOPLIST_FILE = "KillAntsAlarm/KillAntsAlarm-Info.plist";
				IPHONEOS_DEPLOYMENT_TARGET = 5.0;
				PRODUCT_NAME = "$(TARGET_NAME)";
				"PROVISIONING_PROFILE[sdk=iphoneos*]" = "36BC824C-F3C9-4F02-B025-3BCC7656C3DA";
				WRAPPER_EXTENSION = app;
			};
			name = Debug;
		};
		749538E016CBE1ED009EA265 /* Release */ = {
			isa = XCBuildConfiguration;
			buildSettings = {
				CODE_SIGN_IDENTITY = "iPhone Distribution: Jingwei Xu";
				GCC_PRECOMPILE_PREFIX_HEADER = YES;
				GCC_PREFIX_HEADER = "KillAntsAlarm/KillAntsAlarm-Prefix.pch";
				INFOPLIST_FILE = "KillAntsAlarm/KillAntsAlarm-Info.plist";
				IPHONEOS_DEPLOYMENT_TARGET = 5.0;
				PRODUCT_NAME = "$(TARGET_NAME)";
				PROVISIONING_PROFILE = "71FF25EE-1C2B-4013-89B8-45C633140D8D";
				WRAPPER_EXTENSION = app;
			};
			name = Release;
		};
		749538E216CBE1ED009EA265 /* Debug */ = {
			isa = XCBuildConfiguration;
			buildSettings = {
				BUNDLE_LOADER = "$(BUILT_PRODUCTS_DIR)/KillAntsAlarm.app/KillAntsAlarm";
				FRAMEWORK_SEARCH_PATHS = (
					"\"$(SDKROOT)/Developer/Library/Frameworks\"",
					"\"$(DEVELOPER_LIBRARY_DIR)/Frameworks\"",
				);
				GCC_PRECOMPILE_PREFIX_HEADER = YES;
				GCC_PREFIX_HEADER = "KillAntsAlarm/KillAntsAlarm-Prefix.pch";
				INFOPLIST_FILE = "KillAntsAlarmTests/KillAntsAlarmTests-Info.plist";
				PRODUCT_NAME = "$(TARGET_NAME)";
				TEST_HOST = "$(BUNDLE_LOADER)";
				WRAPPER_EXTENSION = octest;
			};
			name = Debug;
		};
		749538E316CBE1ED009EA265 /* Release */ = {
			isa = XCBuildConfiguration;
			buildSettings = {
				BUNDLE_LOADER = "$(BUILT_PRODUCTS_DIR)/KillAntsAlarm.app/KillAntsAlarm";
				FRAMEWORK_SEARCH_PATHS = (
					"\"$(SDKROOT)/Developer/Library/Frameworks\"",
					"\"$(DEVELOPER_LIBRARY_DIR)/Frameworks\"",
				);
				GCC_PRECOMPILE_PREFIX_HEADER = YES;
				GCC_PREFIX_HEADER = "KillAntsAlarm/KillAntsAlarm-Prefix.pch";
				INFOPLIST_FILE = "KillAntsAlarmTests/KillAntsAlarmTests-Info.plist";
				PRODUCT_NAME = "$(TARGET_NAME)";
				TEST_HOST = "$(BUNDLE_LOADER)";
				WRAPPER_EXTENSION = octest;
			};
			name = Release;
		};
/* End XCBuildConfiguration section */

/* Begin XCConfigurationList section */
		749538A116CBE1EC009EA265 /* Build configuration list for PBXProject "KillAntsAlarm" */ = {
			isa = XCConfigurationList;
			buildConfigurations = (
				749538DC16CBE1ED009EA265 /* Debug */,
				749538DD16CBE1ED009EA265 /* Release */,
			);
			defaultConfigurationIsVisible = 0;
			defaultConfigurationName = Release;
		};
		749538DE16CBE1ED009EA265 /* Build configuration list for PBXNativeTarget "KillAntsAlarm" */ = {
			isa = XCConfigurationList;
			buildConfigurations = (
				749538DF16CBE1ED009EA265 /* Debug */,
				749538E016CBE1ED009EA265 /* Release */,
			);
			defaultConfigurationIsVisible = 0;
			defaultConfigurationName = Release;
		};
		749538E116CBE1ED009EA265 /* Build configuration list for PBXNativeTarget "KillAntsAlarmTests" */ = {
			isa = XCConfigurationList;
			buildConfigurations = (
				749538E216CBE1ED009EA265 /* Debug */,
				749538E316CBE1ED009EA265 /* Release */,
			);
			defaultConfigurationIsVisible = 0;
			defaultConfigurationName = Release;
		};
/* End XCConfigurationList section */
	};
	rootObject = 7495389E16CBE1EC009EA265 /* Project object */;
}
