// !$*UTF8*$!
{
	archiveVersion = 1;
	classes = {
	};
	objectVersion = 46;
	objects = {

/* Begin PBXBuildFile section */
		742EC81016D50209009F370D /* ZUUIRevealController.m in Sources */ = {isa = PBXBuildFile; fileRef = 742EC80F16D50209009F370D /* ZUUIRevealController.m */; settings = {COMPILER_FLAGS = "-fno-objc-arc"; }; };
		742EC81116D50209009F370D /* ZUUIRevealController.m in Sources */ = {isa = PBXBuildFile; fileRef = 742EC80F16D50209009F370D /* ZUUIRevealController.m */; };
		742EC81416D50362009F370D /* RevealController.m in Sources */ = {isa = PBXBuildFile; fileRef = 742EC81316D50362009F370D /* RevealController.m */; };
		742EC81516D50362009F370D /* RevealController.m in Sources */ = {isa = PBXBuildFile; fileRef = 742EC81316D50362009F370D /* RevealController.m */; };
		74320B0C16D0B8FF00D71C2E /* line.png in Resources */ = {isa = PBXBuildFile; fileRef = 74320B0916D0B8FF00D71C2E /* line.png */; };
		74320B0D16D0B8FF00D71C2E /* line.png in Resources */ = {isa = PBXBuildFile; fileRef = 74320B0916D0B8FF00D71C2E /* line.png */; };
		743A194D16DA370B00788F95 /* KillAntsAlarmIntroductionViewController.m in Sources */ = {isa = PBXBuildFile; fileRef = 743A194C16DA370B00788F95 /* KillAntsAlarmIntroductionViewController.m */; };
		743A195016DA653000788F95 /* shortSound.wav in Resources */ = {isa = PBXBuildFile; fileRef = 743A194F16DA653000788F95 /* shortSound.wav */; };
		743A195216DA653800788F95 /* music.wav in Resources */ = {isa = PBXBuildFile; fileRef = 743A195116DA653800788F95 /* music.wav */; };
		743A195416DA662F00788F95 /* AVFoundation.framework in Frameworks */ = {isa = PBXBuildFile; fileRef = 743A195316DA662F00788F95 /* AVFoundation.framework */; };
		743A195616DA672100788F95 /* AudioToolbox.framework in Frameworks */ = {isa = PBXBuildFile; fileRef = 743A195516DA672100788F95 /* AudioToolbox.framework */; };
		743A195B16DA769F00788F95 /* short.caf in Resources */ = {isa = PBXBuildFile; fileRef = 743A195A16DA769E00788F95 /* short.caf */; };
		743A195C16DA769F00788F95 /* short.caf in Resources */ = {isa = PBXBuildFile; fileRef = 743A195A16DA769E00788F95 /* short.caf */; };
		7440719F16DBC89F00E0895A /* 29s.caf in Resources */ = {isa = PBXBuildFile; fileRef = 7440719E16DBC89F00E0895A /* 29s.caf */; };
		744071A016DBC89F00E0895A /* 29s.caf in Resources */ = {isa = PBXBuildFile; fileRef = 7440719E16DBC89F00E0895A /* 29s.caf */; };
		7443AAF416D3B16900A559C9 /* Icon-Small.png in Resources */ = {isa = PBXBuildFile; fileRef = 7443AAEA16D3B16900A559C9 /* Icon-Small.png */; };
		7443AAF516D3B16900A559C9 /* Icon-Small.png in Resources */ = {isa = PBXBuildFile; fileRef = 7443AAEA16D3B16900A559C9 /* Icon-Small.png */; };
		7443AAF616D3B16900A559C9 /* Icon-Small-50.png in Resources */ = {isa = PBXBuildFile; fileRef = 7443AAEB16D3B16900A559C9 /* Icon-Small-50.png */; };
		7443AAF716D3B16900A559C9 /* Icon-Small-50.png in Resources */ = {isa = PBXBuildFile; fileRef = 7443AAEB16D3B16900A559C9 /* Icon-Small-50.png */; };
		7443AAF816D3B16900A559C9 /* Icon.png in Resources */ = {isa = PBXBuildFile; fileRef = 7443AAEC16D3B16900A559C9 /* Icon.png */; };
		7443AAF916D3B16900A559C9 /* Icon.png in Resources */ = {isa = PBXBuildFile; fileRef = 7443AAEC16D3B16900A559C9 /* Icon.png */; };
		7443AAFA16D3B16900A559C9 /* Icon-Small@2x.png in Resources */ = {isa = PBXBuildFile; fileRef = 7443AAED16D3B16900A559C9 /* Icon-Small@2x.png */; };
		7443AAFB16D3B16900A559C9 /* Icon-Small@2x.png in Resources */ = {isa = PBXBuildFile; fileRef = 7443AAED16D3B16900A559C9 /* Icon-Small@2x.png */; };
		7443AAFC16D3B16900A559C9 /* Icon-72.png in Resources */ = {isa = PBXBuildFile; fileRef = 7443AAEE16D3B16900A559C9 /* Icon-72.png */; };
		7443AAFD16D3B16900A559C9 /* Icon-72.png in Resources */ = {isa = PBXBuildFile; fileRef = 7443AAEE16D3B16900A559C9 /* Icon-72.png */; };
		7443AAFE16D3B16900A559C9 /* LOGO_100pix.png in Resources */ = {isa = PBXBuildFile; fileRef = 7443AAEF16D3B16900A559C9 /* LOGO_100pix.png */; };
		7443AAFF16D3B16900A559C9 /* LOGO_100pix.png in Resources */ = {isa = PBXBuildFile; fileRef = 7443AAEF16D3B16900A559C9 /* LOGO_100pix.png */; };
		7443AB0016D3B16900A559C9 /* Icon@2x.png in Resources */ = {isa = PBXBuildFile; fileRef = 7443AAF016D3B16900A559C9 /* Icon@2x.png */; };
		7443AB0116D3B16900A559C9 /* Icon@2x.png in Resources */ = {isa = PBXBuildFile; fileRef = 7443AAF016D3B16900A559C9 /* Icon@2x.png */; };
		7443AB0216D3B16900A559C9 /* LOGO_144pix.png in Resources */ = {isa = PBXBuildFile; fileRef = 7443AAF116D3B16900A559C9 /* LOGO_144pix.png */; };
		7443AB0316D3B16900A559C9 /* LOGO_144pix.png in Resources */ = {isa = PBXBuildFile; fileRef = 7443AAF116D3B16900A559C9 /* LOGO_144pix.png */; };
		7443AB0416D3B16900A559C9 /* iTunesArtwork.png in Resources */ = {isa = PBXBuildFile; fileRef = 7443AAF216D3B16900A559C9 /* iTunesArtwork.png */; };
		7443AB0516D3B16900A559C9 /* iTunesArtwork.png in Resources */ = {isa = PBXBuildFile; fileRef = 7443AAF216D3B16900A559C9 /* iTunesArtwork.png */; };
		7443AB0616D3B16900A559C9 /* iTunesArtwork@2x.png in Resources */ = {isa = PBXBuildFile; fileRef = 7443AAF316D3B16900A559C9 /* iTunesArtwork@2x.png */; };
		7443AB0716D3B16900A559C9 /* iTunesArtwork@2x.png in Resources */ = {isa = PBXBuildFile; fileRef = 7443AAF316D3B16900A559C9 /* iTunesArtwork@2x.png */; };
		7443AB1016D3DA0D00A559C9 /* PPRevealSideViewController.m in Sources */ = {isa = PBXBuildFile; fileRef = 7443AB0F16D3DA0D00A559C9 /* PPRevealSideViewController.m */; };
		7443AB1116D3DA0D00A559C9 /* PPRevealSideViewController.m in Sources */ = {isa = PBXBuildFile; fileRef = 7443AB0F16D3DA0D00A559C9 /* PPRevealSideViewController.m */; };
		7443AB1C16D3DFCA00A559C9 /* KillAntsAlarmOCDModel.m in Sources */ = {isa = PBXBuildFile; fileRef = 7443AB1B16D3DFCA00A559C9 /* KillAntsAlarmOCDModel.m */; };
		7443AB1D16D3DFCA00A559C9 /* KillAntsAlarmOCDModel.m in Sources */ = {isa = PBXBuildFile; fileRef = 7443AB1B16D3DFCA00A559C9 /* KillAntsAlarmOCDModel.m */; };
		74446FFA16D62BEE0007760A /* CustomUISwtich.m in Sources */ = {isa = PBXBuildFile; fileRef = 74446FF916D62BEE0007760A /* CustomUISwtich.m */; };
		74446FFE16D630980007760A /* TTSwitch.m in Sources */ = {isa = PBXBuildFile; fileRef = 74446FFD16D630980007760A /* TTSwitch.m */; };
		74446FFF16D630980007760A /* TTSwitch.m in Sources */ = {isa = PBXBuildFile; fileRef = 74446FFD16D630980007760A /* TTSwitch.m */; };
		7447285416DCF5D0003A3102 /* KillAntsAlarmStartViewController.m in Sources */ = {isa = PBXBuildFile; fileRef = 7447285316DCF5CF003A3102 /* KillAntsAlarmStartViewController.m */; };
		7447285F16DCF9E9003A3102 /* ant1.png in Resources */ = {isa = PBXBuildFile; fileRef = 7447285616DCF9E9003A3102 /* ant1.png */; };
		7447286016DCF9E9003A3102 /* ant2.png in Resources */ = {isa = PBXBuildFile; fileRef = 7447285716DCF9E9003A3102 /* ant2.png */; };
		7447286116DCF9E9003A3102 /* ant3.png in Resources */ = {isa = PBXBuildFile; fileRef = 7447285816DCF9E9003A3102 /* ant3.png */; };
		7447286216DCF9E9003A3102 /* ant4.png in Resources */ = {isa = PBXBuildFile; fileRef = 7447285916DCF9E9003A3102 /* ant4.png */; };
		7447286316DCF9E9003A3102 /* ant5.png in Resources */ = {isa = PBXBuildFile; fileRef = 7447285A16DCF9E9003A3102 /* ant5.png */; };
		7447286416DCF9E9003A3102 /* ant6.png in Resources */ = {isa = PBXBuildFile; fileRef = 7447285B16DCF9E9003A3102 /* ant6.png */; };
		7447286516DCF9E9003A3102 /* ant7.png in Resources */ = {isa = PBXBuildFile; fileRef = 7447285C16DCF9E9003A3102 /* ant7.png */; };
		7447286616DCF9E9003A3102 /* ant8.png in Resources */ = {isa = PBXBuildFile; fileRef = 7447285D16DCF9E9003A3102 /* ant8.png */; };
		7447286716DCF9E9003A3102 /* ant0.png in Resources */ = {isa = PBXBuildFile; fileRef = 7447285E16DCF9E9003A3102 /* ant0.png */; };
		7447286D16DD0064003A3102 /* Ant.m in Sources */ = {isa = PBXBuildFile; fileRef = 7447286C16DD0064003A3102 /* Ant.m */; };
		7447287116DD1ECC003A3102 /* minute.png in Resources */ = {isa = PBXBuildFile; fileRef = 7447286E16DD1ECC003A3102 /* minute.png */; };
		7447287216DD1ECC003A3102 /* second.png in Resources */ = {isa = PBXBuildFile; fileRef = 7447286F16DD1ECC003A3102 /* second.png */; };
		7447287316DD1ECC003A3102 /* hour.png in Resources */ = {isa = PBXBuildFile; fileRef = 7447287016DD1ECC003A3102 /* hour.png */; };
		7447287516DD1EF4003A3102 /* clock.png in Resources */ = {isa = PBXBuildFile; fileRef = 7447287416DD1EF4003A3102 /* clock.png */; };
		74518A5416CE2C6A00133217 /* 0.png in Resources */ = {isa = PBXBuildFile; fileRef = 74518A4916CE2C6A00133217 /* 0.png */; };
		74518A5516CE2C6A00133217 /* 0.png in Resources */ = {isa = PBXBuildFile; fileRef = 74518A4916CE2C6A00133217 /* 0.png */; };
		74518A5616CE2C6A00133217 /* 3.png in Resources */ = {isa = PBXBuildFile; fileRef = 74518A4A16CE2C6A00133217 /* 3.png */; };
		74518A5716CE2C6A00133217 /* 3.png in Resources */ = {isa = PBXBuildFile; fileRef = 74518A4A16CE2C6A00133217 /* 3.png */; };
		74518A5816CE2C6A00133217 /* 2.png in Resources */ = {isa = PBXBuildFile; fileRef = 74518A4B16CE2C6A00133217 /* 2.png */; };
		74518A5916CE2C6A00133217 /* 2.png in Resources */ = {isa = PBXBuildFile; fileRef = 74518A4B16CE2C6A00133217 /* 2.png */; };
		74518A5A16CE2C6A00133217 /* 4.png in Resources */ = {isa = PBXBuildFile; fileRef = 74518A4C16CE2C6A00133217 /* 4.png */; };
		74518A5B16CE2C6A00133217 /* 4.png in Resources */ = {isa = PBXBuildFile; fileRef = 74518A4C16CE2C6A00133217 /* 4.png */; };
		74518A5C16CE2C6A00133217 /* 5.png in Resources */ = {isa = PBXBuildFile; fileRef = 74518A4D16CE2C6A00133217 /* 5.png */; };
		74518A5D16CE2C6A00133217 /* 5.png in Resources */ = {isa = PBXBuildFile; fileRef = 74518A4D16CE2C6A00133217 /* 5.png */; };
		74518A5E16CE2C6A00133217 /* 6.png in Resources */ = {isa = PBXBuildFile; fileRef = 74518A4E16CE2C6A00133217 /* 6.png */; };
		74518A5F16CE2C6A00133217 /* 6.png in Resources */ = {isa = PBXBuildFile; fileRef = 74518A4E16CE2C6A00133217 /* 6.png */; };
		74518A6016CE2C6A00133217 /* 7.png in Resources */ = {isa = PBXBuildFile; fileRef = 74518A4F16CE2C6A00133217 /* 7.png */; };
		74518A6116CE2C6A00133217 /* 7.png in Resources */ = {isa = PBXBuildFile; fileRef = 74518A4F16CE2C6A00133217 /* 7.png */; };
		74518A6216CE2C6A00133217 /* 8.png in Resources */ = {isa = PBXBuildFile; fileRef = 74518A5016CE2C6A00133217 /* 8.png */; };
		74518A6316CE2C6A00133217 /* 8.png in Resources */ = {isa = PBXBuildFile; fileRef = 74518A5016CE2C6A00133217 /* 8.png */; };
		74518A6416CE2C6A00133217 /* 9.png in Resources */ = {isa = PBXBuildFile; fileRef = 74518A5116CE2C6A00133217 /* 9.png */; };
		74518A6516CE2C6A00133217 /* 9.png in Resources */ = {isa = PBXBuildFile; fileRef = 74518A5116CE2C6A00133217 /* 9.png */; };
		74518A6616CE2C6A00133217 /* 1.png in Resources */ = {isa = PBXBuildFile; fileRef = 74518A5216CE2C6A00133217 /* 1.png */; };
		74518A6716CE2C6A00133217 /* 1.png in Resources */ = {isa = PBXBuildFile; fileRef = 74518A5216CE2C6A00133217 /* 1.png */; };
		74518A6816CE2C6A00133217 /* point.png in Resources */ = {isa = PBXBuildFile; fileRef = 74518A5316CE2C6A00133217 /* point.png */; };
		74518A6916CE2C6A00133217 /* point.png in Resources */ = {isa = PBXBuildFile; fileRef = 74518A5316CE2C6A00133217 /* point.png */; };
		74518A8216CE2C8300133217 /* ip50.jpg in Resources */ = {isa = PBXBuildFile; fileRef = 74518A6B16CE2C8300133217 /* ip50.jpg */; };
		74518A8316CE2C8300133217 /* ip50.jpg in Resources */ = {isa = PBXBuildFile; fileRef = 74518A6B16CE2C8300133217 /* ip50.jpg */; };
		74518A8416CE2C8300133217 /* ip51.jpg in Resources */ = {isa = PBXBuildFile; fileRef = 74518A6C16CE2C8300133217 /* ip51.jpg */; };
		74518A8516CE2C8300133217 /* ip51.jpg in Resources */ = {isa = PBXBuildFile; fileRef = 74518A6C16CE2C8300133217 /* ip51.jpg */; };
		74518A8C16CE2C8300133217 /* ants.png in Resources */ = {isa = PBXBuildFile; fileRef = 74518A7016CE2C8300133217 /* ants.png */; };
		74518A8D16CE2C8300133217 /* ants.png in Resources */ = {isa = PBXBuildFile; fileRef = 74518A7016CE2C8300133217 /* ants.png */; };
		74518A8E16CE2C8300133217 /* ip41.jpg in Resources */ = {isa = PBXBuildFile; fileRef = 74518A7116CE2C8300133217 /* ip41.jpg */; };
		74518A8F16CE2C8300133217 /* ip41.jpg in Resources */ = {isa = PBXBuildFile; fileRef = 74518A7116CE2C8300133217 /* ip41.jpg */; };
		74518A9016CE2C8300133217 /* alarmHandlerGray.png in Resources */ = {isa = PBXBuildFile; fileRef = 74518A7316CE2C8300133217 /* alarmHandlerGray.png */; };
		74518A9116CE2C8300133217 /* alarmHandlerGray.png in Resources */ = {isa = PBXBuildFile; fileRef = 74518A7316CE2C8300133217 /* alarmHandlerGray.png */; };
		74518A9216CE2C8300133217 /* alarmHandler.png in Resources */ = {isa = PBXBuildFile; fileRef = 74518A7416CE2C8300133217 /* alarmHandler.png */; };
		74518A9316CE2C8300133217 /* alarmHandler.png in Resources */ = {isa = PBXBuildFile; fileRef = 74518A7416CE2C8300133217 /* alarmHandler.png */; };
		74518A9416CE2C8300133217 /* ant.png in Resources */ = {isa = PBXBuildFile; fileRef = 74518A7516CE2C8300133217 /* ant.png */; };
		74518A9516CE2C8300133217 /* ant.png in Resources */ = {isa = PBXBuildFile; fileRef = 74518A7516CE2C8300133217 /* ant.png */; };
		74518A9616CE2C8300133217 /* 3.jpg in Resources */ = {isa = PBXBuildFile; fileRef = 74518A7616CE2C8300133217 /* 3.jpg */; };
		74518A9716CE2C8300133217 /* 3.jpg in Resources */ = {isa = PBXBuildFile; fileRef = 74518A7616CE2C8300133217 /* 3.jpg */; };
		74518A9816CE2C8300133217 /* 4beijing.jpg in Resources */ = {isa = PBXBuildFile; fileRef = 74518A7716CE2C8300133217 /* 4beijing.jpg */; };
		74518A9916CE2C8300133217 /* 4beijing.jpg in Resources */ = {isa = PBXBuildFile; fileRef = 74518A7716CE2C8300133217 /* 4beijing.jpg */; };
		74518A9A16CE2C8300133217 /* 5beijing.jpg in Resources */ = {isa = PBXBuildFile; fileRef = 74518A7816CE2C8300133217 /* 5beijing.jpg */; };
		74518A9B16CE2C8300133217 /* 5beijing.jpg in Resources */ = {isa = PBXBuildFile; fileRef = 74518A7816CE2C8300133217 /* 5beijing.jpg */; };
		74518AA216CE2C8300133217 /* ip40.jpg in Resources */ = {isa = PBXBuildFile; fileRef = 74518A7C16CE2C8300133217 /* ip40.jpg */; };
		74518AA316CE2C8300133217 /* ip40.jpg in Resources */ = {isa = PBXBuildFile; fileRef = 74518A7C16CE2C8300133217 /* ip40.jpg */; };
		74518AA416CE2C8300133217 /* ocdLabel.png in Resources */ = {isa = PBXBuildFile; fileRef = 74518A7E16CE2C8300133217 /* ocdLabel.png */; };
		74518AA516CE2C8300133217 /* ocdLabel.png in Resources */ = {isa = PBXBuildFile; fileRef = 74518A7E16CE2C8300133217 /* ocdLabel.png */; };
		74518AA616CE2C8300133217 /* ocdSwitch.png in Resources */ = {isa = PBXBuildFile; fileRef = 74518A7F16CE2C8300133217 /* ocdSwitch.png */; };
		74518AA716CE2C8300133217 /* ocdSwitch.png in Resources */ = {isa = PBXBuildFile; fileRef = 74518A7F16CE2C8300133217 /* ocdSwitch.png */; };
		74518AA816CE2C8300133217 /* ocdOff.png in Resources */ = {isa = PBXBuildFile; fileRef = 74518A8016CE2C8300133217 /* ocdOff.png */; };
		74518AA916CE2C8300133217 /* ocdOff.png in Resources */ = {isa = PBXBuildFile; fileRef = 74518A8016CE2C8300133217 /* ocdOff.png */; };
		74518AAA16CE2C8300133217 /* ocdOn.png in Resources */ = {isa = PBXBuildFile; fileRef = 74518A8116CE2C8300133217 /* ocdOn.png */; };
		74518AAB16CE2C8300133217 /* ocdOn.png in Resources */ = {isa = PBXBuildFile; fileRef = 74518A8116CE2C8300133217 /* ocdOn.png */; };
		74518AAF16CFF8A500133217 /* QuartzCore.framework in Frameworks */ = {isa = PBXBuildFile; fileRef = 74518AAE16CFF8A500133217 /* QuartzCore.framework */; };
		74518AB216D0052100133217 /* ClockView.m in Sources */ = {isa = PBXBuildFile; fileRef = 74518AB116D0052100133217 /* ClockView.m */; settings = {COMPILER_FLAGS = "-fno-objc-arc"; }; };
		74518AB316D0052100133217 /* ClockView.m in Sources */ = {isa = PBXBuildFile; fileRef = 74518AB116D0052100133217 /* ClockView.m */; };
		749538AA16CBE1EC009EA265 /* UIKit.framework in Frameworks */ = {isa = PBXBuildFile; fileRef = 749538A916CBE1EC009EA265 /* UIKit.framework */; };
		749538AC16CBE1EC009EA265 /* Foundation.framework in Frameworks */ = {isa = PBXBuildFile; fileRef = 749538AB16CBE1EC009EA265 /* Foundation.framework */; };
		749538AE16CBE1EC009EA265 /* CoreGraphics.framework in Frameworks */ = {isa = PBXBuildFile; fileRef = 749538AD16CBE1EC009EA265 /* CoreGraphics.framework */; };
		749538B416CBE1EC009EA265 /* InfoPlist.strings in Resources */ = {isa = PBXBuildFile; fileRef = 749538B216CBE1EC009EA265 /* InfoPlist.strings */; };
		749538B616CBE1EC009EA265 /* main.m in Sources */ = {isa = PBXBuildFile; fileRef = 749538B516CBE1EC009EA265 /* main.m */; };
		749538BA16CBE1EC009EA265 /* KillAntsAlarmAppDelegate.m in Sources */ = {isa = PBXBuildFile; fileRef = 749538B916CBE1EC009EA265 /* KillAntsAlarmAppDelegate.m */; };
		749538BC16CBE1EC009EA265 /* Default.png in Resources */ = {isa = PBXBuildFile; fileRef = 749538BB16CBE1EC009EA265 /* Default.png */; };
		749538BE16CBE1EC009EA265 /* Default@2x.png in Resources */ = {isa = PBXBuildFile; fileRef = 749538BD16CBE1EC009EA265 /* Default@2x.png */; };
		749538C016CBE1EC009EA265 /* Default-568h@2x.png in Resources */ = {isa = PBXBuildFile; fileRef = 749538BF16CBE1EC009EA265 /* Default-568h@2x.png */; };
		749538C316CBE1EC009EA265 /* MainStoryboard.storyboard in Resources */ = {isa = PBXBuildFile; fileRef = 749538C116CBE1EC009EA265 /* MainStoryboard.storyboard */; };
		749538C616CBE1EC009EA265 /* KillAntsAlarmViewController.m in Sources */ = {isa = PBXBuildFile; fileRef = 749538C516CBE1EC009EA265 /* KillAntsAlarmViewController.m */; };
		749538CE16CBE1ED009EA265 /* SenTestingKit.framework in Frameworks */ = {isa = PBXBuildFile; fileRef = 749538CD16CBE1ED009EA265 /* SenTestingKit.framework */; };
		749538CF16CBE1ED009EA265 /* UIKit.framework in Frameworks */ = {isa = PBXBuildFile; fileRef = 749538A916CBE1EC009EA265 /* UIKit.framework */; };
		749538D016CBE1ED009EA265 /* Foundation.framework in Frameworks */ = {isa = PBXBuildFile; fileRef = 749538AB16CBE1EC009EA265 /* Foundation.framework */; };
		749538D816CBE1ED009EA265 /* InfoPlist.strings in Resources */ = {isa = PBXBuildFile; fileRef = 749538D616CBE1ED009EA265 /* InfoPlist.strings */; };
		749538DB16CBE1ED009EA265 /* KillAntsAlarmTests.m in Sources */ = {isa = PBXBuildFile; fileRef = 749538DA16CBE1ED009EA265 /* KillAntsAlarmTests.m */; };
/* End PBXBuildFile section */

/* Begin PBXContainerItemProxy section */
		749538D116CBE1ED009EA265 /* PBXContainerItemProxy */ = {
			isa = PBXContainerItemProxy;
			containerPortal = 7495389E16CBE1EC009EA265 /* Project object */;
			proxyType = 1;
			remoteGlobalIDString = 749538A516CBE1EC009EA265;
			remoteInfo = KillAntsAlarm;
		};
/* End PBXContainerItemProxy section */

/* Begin PBXFileReference section */
		742EC80E16D50209009F370D /* ZUUIRevealController.h */ = {isa = PBXFileReference; fileEncoding = 4; lastKnownFileType = sourcecode.c.h; path = ZUUIRevealController.h; sourceTree = "<group>"; };
		742EC80F16D50209009F370D /* ZUUIRevealController.m */ = {isa = PBXFileReference; fileEncoding = 4; lastKnownFileType = sourcecode.c.objc; path = ZUUIRevealController.m; sourceTree = "<group>"; };
		742EC81216D50362009F370D /* RevealController.h */ = {isa = PBXFileReference; fileEncoding = 4; lastKnownFileType = sourcecode.c.h; path = RevealController.h; sourceTree = "<group>"; };
		742EC81316D50362009F370D /* RevealController.m */ = {isa = PBXFileReference; fileEncoding = 4; lastKnownFileType = sourcecode.c.objc; path = RevealController.m; sourceTree = "<group>"; };
		74320B0916D0B8FF00D71C2E /* line.png */ = {isa = PBXFileReference; lastKnownFileType = image.png; name = line.png; path = ../line.png; sourceTree = "<group>"; };
		743A194B16DA370B00788F95 /* KillAntsAlarmIntroductionViewController.h */ = {isa = PBXFileReference; fileEncoding = 4; lastKnownFileType = sourcecode.c.h; path = KillAntsAlarmIntroductionViewController.h; sourceTree = SOURCE_ROOT; };
		743A194C16DA370B00788F95 /* KillAntsAlarmIntroductionViewController.m */ = {isa = PBXFileReference; fileEncoding = 4; lastKnownFileType = sourcecode.c.objc; path = KillAntsAlarmIntroductionViewController.m; sourceTree = SOURCE_ROOT; };
		743A194F16DA653000788F95 /* shortSound.wav */ = {isa = PBXFileReference; lastKnownFileType = audio.wav; path = shortSound.wav; sourceTree = "<group>"; };
		743A195116DA653800788F95 /* music.wav */ = {isa = PBXFileReference; lastKnownFileType = audio.wav; path = music.wav; sourceTree = "<group>"; };
		743A195316DA662F00788F95 /* AVFoundation.framework */ = {isa = PBXFileReference; lastKnownFileType = wrapper.framework; name = AVFoundation.framework; path = System/Library/Frameworks/AVFoundation.framework; sourceTree = SDKROOT; };
		743A195516DA672100788F95 /* AudioToolbox.framework */ = {isa = PBXFileReference; lastKnownFileType = wrapper.framework; name = AudioToolbox.framework; path = System/Library/Frameworks/AudioToolbox.framework; sourceTree = SDKROOT; };
		743A195A16DA769E00788F95 /* short.caf */ = {isa = PBXFileReference; lastKnownFileType = file; path = short.caf; sourceTree = "<group>"; };
		7440719E16DBC89F00E0895A /* 29s.caf */ = {isa = PBXFileReference; lastKnownFileType = file; path = 29s.caf; sourceTree = "<group>"; };
		7443AAEA16D3B16900A559C9 /* Icon-Small.png */ = {isa = PBXFileReference; lastKnownFileType = image.png; path = "Icon-Small.png"; sourceTree = "<group>"; };
		7443AAEB16D3B16900A559C9 /* Icon-Small-50.png */ = {isa = PBXFileReference; lastKnownFileType = image.png; path = "Icon-Small-50.png"; sourceTree = "<group>"; };
		7443AAEC16D3B16900A559C9 /* Icon.png */ = {isa = PBXFileReference; lastKnownFileType = image.png; path = Icon.png; sourceTree = "<group>"; };
		7443AAED16D3B16900A559C9 /* Icon-Small@2x.png */ = {isa = PBXFileReference; lastKnownFileType = image.png; path = "Icon-Small@2x.png"; sourceTree = "<group>"; };
		7443AAEE16D3B16900A559C9 /* Icon-72.png */ = {isa = PBXFileReference; lastKnownFileType = image.png; path = "Icon-72.png"; sourceTree = "<group>"; };
		7443AAEF16D3B16900A559C9 /* LOGO_100pix.png */ = {isa = PBXFileReference; lastKnownFileType = image.png; path = LOGO_100pix.png; sourceTree = "<group>"; };
		7443AAF016D3B16900A559C9 /* Icon@2x.png */ = {isa = PBXFileReference; lastKnownFileType = image.png; path = "Icon@2x.png"; sourceTree = "<group>"; };
		7443AAF116D3B16900A559C9 /* LOGO_144pix.png */ = {isa = PBXFileReference; lastKnownFileType = image.png; path = LOGO_144pix.png; sourceTree = "<group>"; };
		7443AAF216D3B16900A559C9 /* iTunesArtwork.png */ = {isa = PBXFileReference; lastKnownFileType = image.png; path = iTunesArtwork.png; sourceTree = "<group>"; };
		7443AAF316D3B16900A559C9 /* iTunesArtwork@2x.png */ = {isa = PBXFileReference; lastKnownFileType = image.png; path = "iTunesArtwork@2x.png"; sourceTree = "<group>"; };
		7443AB0E16D3DA0D00A559C9 /* PPRevealSideViewController.h */ = {isa = PBXFileReference; fileEncoding = 4; lastKnownFileType = sourcecode.c.h; path = PPRevealSideViewController.h; sourceTree = "<group>"; };
		7443AB0F16D3DA0D00A559C9 /* PPRevealSideViewController.m */ = {isa = PBXFileReference; fileEncoding = 4; lastKnownFileType = sourcecode.c.objc; path = PPRevealSideViewController.m; sourceTree = "<group>"; };
		7443AB1A16D3DFC900A559C9 /* KillAntsAlarmOCDModel.h */ = {isa = PBXFileReference; fileEncoding = 4; lastKnownFileType = sourcecode.c.h; path = KillAntsAlarmOCDModel.h; sourceTree = "<group>"; };
		7443AB1B16D3DFCA00A559C9 /* KillAntsAlarmOCDModel.m */ = {isa = PBXFileReference; fileEncoding = 4; lastKnownFileType = sourcecode.c.objc; path = KillAntsAlarmOCDModel.m; sourceTree = "<group>"; };
		74446FF816D62BEE0007760A /* CustomUISwtich.h */ = {isa = PBXFileReference; fileEncoding = 4; lastKnownFileType = sourcecode.c.h; path = CustomUISwtich.h; sourceTree = "<group>"; };
		74446FF916D62BEE0007760A /* CustomUISwtich.m */ = {isa = PBXFileReference; fileEncoding = 4; lastKnownFileType = sourcecode.c.objc; path = CustomUISwtich.m; sourceTree = "<group>"; };
		74446FFC16D630980007760A /* TTSwitch.h */ = {isa = PBXFileReference; fileEncoding = 4; lastKnownFileType = sourcecode.c.h; path = TTSwitch.h; sourceTree = "<group>"; };
		74446FFD16D630980007760A /* TTSwitch.m */ = {isa = PBXFileReference; fileEncoding = 4; lastKnownFileType = sourcecode.c.objc; path = TTSwitch.m; sourceTree = "<group>"; };
		7447285216DCF5CF003A3102 /* KillAntsAlarmStartViewController.h */ = {isa = PBXFileReference; fileEncoding = 4; lastKnownFileType = sourcecode.c.h; path = KillAntsAlarmStartViewController.h; sourceTree = SOURCE_ROOT; };
		7447285316DCF5CF003A3102 /* KillAntsAlarmStartViewController.m */ = {isa = PBXFileReference; fileEncoding = 4; lastKnownFileType = sourcecode.c.objc; path = KillAntsAlarmStartViewController.m; sourceTree = SOURCE_ROOT; };
		7447285616DCF9E9003A3102 /* ant1.png */ = {isa = PBXFileReference; lastKnownFileType = image.png; path = ant1.png; sourceTree = "<group>"; };
		7447285716DCF9E9003A3102 /* ant2.png */ = {isa = PBXFileReference; lastKnownFileType = image.png; path = ant2.png; sourceTree = "<group>"; };
		7447285816DCF9E9003A3102 /* ant3.png */ = {isa = PBXFileReference; lastKnownFileType = image.png; path = ant3.png; sourceTree = "<group>"; };
		7447285916DCF9E9003A3102 /* ant4.png */ = {isa = PBXFileReference; lastKnownFileType = image.png; path = ant4.png; sourceTree = "<group>"; };
		7447285A16DCF9E9003A3102 /* ant5.png */ = {isa = PBXFileReference; lastKnownFileType = image.png; path = ant5.png; sourceTree = "<group>"; };
		7447285B16DCF9E9003A3102 /* ant6.png */ = {isa = PBXFileReference; lastKnownFileType = image.png; path = ant6.png; sourceTree = "<group>"; };
		7447285C16DCF9E9003A3102 /* ant7.png */ = {isa = PBXFileReference; lastKnownFileType = image.png; path = ant7.png; sourceTree = "<group>"; };
		7447285D16DCF9E9003A3102 /* ant8.png */ = {isa = PBXFileReference; lastKnownFileType = image.png; path = ant8.png; sourceTree = "<group>"; };
		7447285E16DCF9E9003A3102 /* ant0.png */ = {isa = PBXFileReference; lastKnownFileType = image.png; path = ant0.png; sourceTree = "<group>"; };
		7447286B16DD0063003A3102 /* Ant.h */ = {isa = PBXFileReference; fileEncoding = 4; lastKnownFileType = sourcecode.c.h; name = Ant.h; path = ../Ant.h; sourceTree = "<group>"; };
		7447286C16DD0064003A3102 /* Ant.m */ = {isa = PBXFileReference; fileEncoding = 4; lastKnownFileType = sourcecode.c.objc; name = Ant.m; path = ../Ant.m; sourceTree = "<group>"; };
		7447286E16DD1ECC003A3102 /* minute.png */ = {isa = PBXFileReference; lastKnownFileType = image.png; path = minute.png; sourceTree = "<group>"; };
		7447286F16DD1ECC003A3102 /* second.png */ = {isa = PBXFileReference; lastKnownFileType = image.png; path = second.png; sourceTree = "<group>"; };
		7447287016DD1ECC003A3102 /* hour.png */ = {isa = PBXFileReference; lastKnownFileType = image.png; path = hour.png; sourceTree = "<group>"; };
		7447287416DD1EF4003A3102 /* clock.png */ = {isa = PBXFileReference; lastKnownFileType = image.png; path = clock.png; sourceTree = "<group>"; };
		74518A4916CE2C6A00133217 /* 0.png */ = {isa = PBXFileReference; lastKnownFileType = image.png; path = 0.png; sourceTree = "<group>"; };
		74518A4A16CE2C6A00133217 /* 3.png */ = {isa = PBXFileReference; lastKnownFileType = image.png; path = 3.png; sourceTree = "<group>"; };
		74518A4B16CE2C6A00133217 /* 2.png */ = {isa = PBXFileReference; lastKnownFileType = image.png; path = 2.png; sourceTree = "<group>"; };
		74518A4C16CE2C6A00133217 /* 4.png */ = {isa = PBXFileReference; lastKnownFileType = image.png; path = 4.png; sourceTree = "<group>"; };
		74518A4D16CE2C6A00133217 /* 5.png */ = {isa = PBXFileReference; lastKnownFileType = image.png; path = 5.png; sourceTree = "<group>"; };
		74518A4E16CE2C6A00133217 /* 6.png */ = {isa = PBXFileReference; lastKnownFileType = image.png; path = 6.png; sourceTree = "<group>"; };
		74518A4F16CE2C6A00133217 /* 7.png */ = {isa = PBXFileReference; lastKnownFileType = image.png; path = 7.png; sourceTree = "<group>"; };
		74518A5016CE2C6A00133217 /* 8.png */ = {isa = PBXFileReference; lastKnownFileType = image.png; path = 8.png; sourceTree = "<group>"; };
		74518A5116CE2C6A00133217 /* 9.png */ = {isa = PBXFileReference; lastKnownFileType = image.png; path = 9.png; sourceTree = "<group>"; };
		74518A5216CE2C6A00133217 /* 1.png */ = {isa = PBXFileReference; lastKnownFileType = image.png; path = 1.png; sourceTree = "<group>"; };
		74518A5316CE2C6A00133217 /* point.png */ = {isa = PBXFileReference; lastKnownFileType = image.png; path = point.png; sourceTree = "<group>"; };
		74518A6B16CE2C8300133217 /* ip50.jpg */ = {isa = PBXFileReference; lastKnownFileType = image.jpeg; path = ip50.jpg; sourceTree = "<group>"; };
		74518A6C16CE2C8300133217 /* ip51.jpg */ = {isa = PBXFileReference; lastKnownFileType = image.jpeg; path = ip51.jpg; sourceTree = "<group>"; };
		74518A7016CE2C8300133217 /* ants.png */ = {isa = PBXFileReference; lastKnownFileType = image.png; path = ants.png; sourceTree = "<group>"; };
		74518A7116CE2C8300133217 /* ip41.jpg */ = {isa = PBXFileReference; lastKnownFileType = image.jpeg; path = ip41.jpg; sourceTree = "<group>"; };
		74518A7316CE2C8300133217 /* alarmHandlerGray.png */ = {isa = PBXFileReference; lastKnownFileType = image.png; path = alarmHandlerGray.png; sourceTree = "<group>"; };
		74518A7416CE2C8300133217 /* alarmHandler.png */ = {isa = PBXFileReference; lastKnownFileType = image.png; path = alarmHandler.png; sourceTree = "<group>"; };
		74518A7516CE2C8300133217 /* ant.png */ = {isa = PBXFileReference; lastKnownFileType = image.png; path = ant.png; sourceTree = "<group>"; };
		74518A7616CE2C8300133217 /* 3.jpg */ = {isa = PBXFileReference; lastKnownFileType = image.jpeg; path = 3.jpg; sourceTree = "<group>"; };
		74518A7716CE2C8300133217 /* 4beijing.jpg */ = {isa = PBXFileReference; lastKnownFileType = image.jpeg; path = 4beijing.jpg; sourceTree = "<group>"; };
		74518A7816CE2C8300133217 /* 5beijing.jpg */ = {isa = PBXFileReference; lastKnownFileType = image.jpeg; path = 5beijing.jpg; sourceTree = "<group>"; };
		74518A7C16CE2C8300133217 /* ip40.jpg */ = {isa = PBXFileReference; lastKnownFileType = image.jpeg; path = ip40.jpg; sourceTree = "<group>"; };
		74518A7E16CE2C8300133217 /* ocdLabel.png */ = {isa = PBXFileReference; lastKnownFileType = image.png; path = ocdLabel.png; sourceTree = "<group>"; };
		74518A7F16CE2C8300133217 /* ocdSwitch.png */ = {isa = PBXFileReference; lastKnownFileType = image.png; path = ocdSwitch.png; sourceTree = "<group>"; };
		74518A8016CE2C8300133217 /* ocdOff.png */ = {isa = PBXFileReference; lastKnownFileType = image.png; path = ocdOff.png; sourceTree = "<group>"; };
		74518A8116CE2C8300133217 /* ocdOn.png */ = {isa = PBXFileReference; lastKnownFileType = image.png; path = ocdOn.png; sourceTree = "<group>"; };
		74518AAE16CFF8A500133217 /* QuartzCore.framework */ = {isa = PBXFileReference; lastKnownFileType = wrapper.framework; name = QuartzCore.framework; path = System/Library/Frameworks/QuartzCore.framework; sourceTree = SDKROOT; };
		74518AB016D0052100133217 /* ClockView.h */ = {isa = PBXFileReference; fileEncoding = 4; lastKnownFileType = sourcecode.c.h; path = ClockView.h; sourceTree = "<group>"; };
		74518AB116D0052100133217 /* ClockView.m */ = {isa = PBXFileReference; fileEncoding = 4; lastKnownFileType = sourcecode.c.objc; path = ClockView.m; sourceTree = "<group>"; };
		749538A616CBE1EC009EA265 /* KillAntsAlarm.app */ = {isa = PBXFileReference; explicitFileType = wrapper.application; includeInIndex = 0; path = KillAntsAlarm.app; sourceTree = BUILT_PRODUCTS_DIR; };
		749538A916CBE1EC009EA265 /* UIKit.framework */ = {isa = PBXFileReference; lastKnownFileType = wrapper.framework; name = UIKit.framework; path = System/Library/Frameworks/UIKit.framework; sourceTree = SDKROOT; };
		749538AB16CBE1EC009EA265 /* Foundation.framework */ = {isa = PBXFileReference; lastKnownFileType = wrapper.framework; name = Foundation.framework; path = System/Library/Frameworks/Foundation.framework; sourceTree = SDKROOT; };
		749538AD16CBE1EC009EA265 /* CoreGraphics.framework */ = {isa = PBXFileReference; lastKnownFileType = wrapper.framework; name = CoreGraphics.framework; path = System/Library/Frameworks/CoreGraphics.framework; sourceTree = SDKROOT; };
		749538B116CBE1EC009EA265 /* KillAntsAlarm-Info.plist */ = {isa = PBXFileReference; lastKnownFileType = text.plist.xml; path = "KillAntsAlarm-Info.plist"; sourceTree = "<group>"; };
		749538B316CBE1EC009EA265 /* en */ = {isa = PBXFileReference; lastKnownFileType = text.plist.strings; name = en; path = en.lproj/InfoPlist.strings; sourceTree = "<group>"; };
		749538B516CBE1EC009EA265 /* main.m */ = {isa = PBXFileReference; lastKnownFileType = sourcecode.c.objc; path = main.m; sourceTree = "<group>"; };
		749538B716CBE1EC009EA265 /* KillAntsAlarm-Prefix.pch */ = {isa = PBXFileReference; lastKnownFileType = sourcecode.c.h; path = "KillAntsAlarm-Prefix.pch"; sourceTree = "<group>"; };
		749538B816CBE1EC009EA265 /* KillAntsAlarmAppDelegate.h */ = {isa = PBXFileReference; lastKnownFileType = sourcecode.c.h; path = KillAntsAlarmAppDelegate.h; sourceTree = "<group>"; };
		749538B916CBE1EC009EA265 /* KillAntsAlarmAppDelegate.m */ = {isa = PBXFileReference; lastKnownFileType = sourcecode.c.objc; path = KillAntsAlarmAppDelegate.m; sourceTree = "<group>"; };
		749538BB16CBE1EC009EA265 /* Default.png */ = {isa = PBXFileReference; lastKnownFileType = image.png; path = Default.png; sourceTree = "<group>"; };
		749538BD16CBE1EC009EA265 /* Default@2x.png */ = {isa = PBXFileReference; lastKnownFileType = image.png; path = "Default@2x.png"; sourceTree = "<group>"; };
		749538BF16CBE1EC009EA265 /* Default-568h@2x.png */ = {isa = PBXFileReference; lastKnownFileType = image.png; path = "Default-568h@2x.png"; sourceTree = "<group>"; };
		749538C216CBE1EC009EA265 /* en */ = {isa = PBXFileReference; lastKnownFileType = file.storyboard; name = en; path = en.lproj/MainStoryboard.storyboard; sourceTree = "<group>"; };
		749538C416CBE1EC009EA265 /* KillAntsAlarmViewController.h */ = {isa = PBXFileReference; lastKnownFileType = sourcecode.c.h; path = KillAntsAlarmViewController.h; sourceTree = "<group>"; };
		749538C516CBE1EC009EA265 /* KillAntsAlarmViewController.m */ = {isa = PBXFileReference; lastKnownFileType = sourcecode.c.objc; path = KillAntsAlarmViewController.m; sourceTree = "<group>"; };
		749538CC16CBE1ED009EA265 /* KillAntsAlarmTests.octest */ = {isa = PBXFileReference; explicitFileType = wrapper.cfbundle; includeInIndex = 0; path = KillAntsAlarmTests.octest; sourceTree = BUILT_PRODUCTS_DIR; };
		749538CD16CBE1ED009EA265 /* SenTestingKit.framework */ = {isa = PBXFileReference; lastKnownFileType = wrapper.framework; name = SenTestingKit.framework; path = Library/Frameworks/SenTestingKit.framework; sourceTree = DEVELOPER_DIR; };
		749538D516CBE1ED009EA265 /* KillAntsAlarmTests-Info.plist */ = {isa = PBXFileReference; lastKnownFileType = text.plist.xml; path = "KillAntsAlarmTests-Info.plist"; sourceTree = "<group>"; };
		749538D716CBE1ED009EA265 /* en */ = {isa = PBXFileReference; lastKnownFileType = text.plist.strings; name = en; path = en.lproj/InfoPlist.strings; sourceTree = "<group>"; };
		749538D916CBE1ED009EA265 /* KillAntsAlarmTests.h */ = {isa = PBXFileReference; lastKnownFileType = sourcecode.c.h; path = KillAntsAlarmTests.h; sourceTree = "<group>"; };
		749538DA16CBE1ED009EA265 /* KillAntsAlarmTests.m */ = {isa = PBXFileReference; lastKnownFileType = sourcecode.c.objc; path = KillAntsAlarmTests.m; sourceTree = "<group>"; };
/* End PBXFileReference section */

/* Begin PBXFrameworksBuildPhase section */
		749538A316CBE1EC009EA265 /* Frameworks */ = {
			isa = PBXFrameworksBuildPhase;
			buildActionMask = 2147483647;
			files = (
				743A195616DA672100788F95 /* AudioToolbox.framework in Frameworks */,
				743A195416DA662F00788F95 /* AVFoundation.framework in Frameworks */,
				74518AAF16CFF8A500133217 /* QuartzCore.framework in Frameworks */,
				749538AA16CBE1EC009EA265 /* UIKit.framework in Frameworks */,
				749538AC16CBE1EC009EA265 /* Foundation.framework in Frameworks */,
				749538AE16CBE1EC009EA265 /* CoreGraphics.framework in Frameworks */,
			);
			runOnlyForDeploymentPostprocessing = 0;
		};
		749538C816CBE1ED009EA265 /* Frameworks */ = {
			isa = PBXFrameworksBuildPhase;
			buildActionMask = 2147483647;
			files = (
				749538CE16CBE1ED009EA265 /* SenTestingKit.framework in Frameworks */,
				749538CF16CBE1ED009EA265 /* UIKit.framework in Frameworks */,
				749538D016CBE1ED009EA265 /* Foundation.framework in Frameworks */,
			);
			runOnlyForDeploymentPostprocessing = 0;
		};
/* End PBXFrameworksBuildPhase section */

/* Begin PBXGroup section */
		742EC80D16D501FA009F370D /* ZUUIRevealController */ = {
			isa = PBXGroup;
			children = (
				742EC80E16D50209009F370D /* ZUUIRevealController.h */,
				742EC80F16D50209009F370D /* ZUUIRevealController.m */,
			);
			name = ZUUIRevealController;
			sourceTree = "<group>";
		};
		743A194E16DA652600788F95 /* Sounds */ = {
			isa = PBXGroup;
			children = (
				7440719E16DBC89F00E0895A /* 29s.caf */,
				743A195116DA653800788F95 /* music.wav */,
				743A195A16DA769E00788F95 /* short.caf */,
				743A194F16DA653000788F95 /* shortSound.wav */,
			);
			name = Sounds;
			sourceTree = "<group>";
		};
		7443AAE916D3B12700A559C9 /* Icons */ = {
			isa = PBXGroup;
			children = (
				7443AAEA16D3B16900A559C9 /* Icon-Small.png */,
				7443AAEB16D3B16900A559C9 /* Icon-Small-50.png */,
				7443AAEC16D3B16900A559C9 /* Icon.png */,
				7443AAED16D3B16900A559C9 /* Icon-Small@2x.png */,
				7443AAEE16D3B16900A559C9 /* Icon-72.png */,
				7443AAEF16D3B16900A559C9 /* LOGO_100pix.png */,
				7443AAF016D3B16900A559C9 /* Icon@2x.png */,
				7443AAF116D3B16900A559C9 /* LOGO_144pix.png */,
				7443AAF216D3B16900A559C9 /* iTunesArtwork.png */,
				7443AAF316D3B16900A559C9 /* iTunesArtwork@2x.png */,
			);
			name = Icons;
			sourceTree = "<group>";
		};
		7443AB0C16D3D01900A559C9 /* Utils */ = {
			isa = PBXGroup;
			children = (
				74446FFB16D630880007760A /* TTSwitch */,
				74446FF716D62BA50007760A /* CustomUISwitch */,
				742EC80D16D501FA009F370D /* ZUUIRevealController */,
				7443AB0D16D3D9F800A559C9 /* PPRevealSideViewController */,
			);
			name = Utils;
			sourceTree = "<group>";
		};
		7443AB0D16D3D9F800A559C9 /* PPRevealSideViewController */ = {
			isa = PBXGroup;
			children = (
				7443AB0E16D3DA0D00A559C9 /* PPRevealSideViewController.h */,
				7443AB0F16D3DA0D00A559C9 /* PPRevealSideViewController.m */,
			);
			name = PPRevealSideViewController;
			sourceTree = "<group>";
		};
		74446FF716D62BA50007760A /* CustomUISwitch */ = {
			isa = PBXGroup;
			children = (
				74446FF816D62BEE0007760A /* CustomUISwtich.h */,
				74446FF916D62BEE0007760A /* CustomUISwtich.m */,
			);
			name = CustomUISwitch;
			sourceTree = "<group>";
		};
		74446FFB16D630880007760A /* TTSwitch */ = {
			isa = PBXGroup;
			children = (
				74446FFC16D630980007760A /* TTSwitch.h */,
				74446FFD16D630980007760A /* TTSwitch.m */,
			);
			name = TTSwitch;
			sourceTree = "<group>";
		};
		7447285516DCF953003A3102 /* AntAnimation */ = {
			isa = PBXGroup;
			children = (
				7447285E16DCF9E9003A3102 /* ant0.png */,
				7447285616DCF9E9003A3102 /* ant1.png */,
				7447285716DCF9E9003A3102 /* ant2.png */,
				7447285816DCF9E9003A3102 /* ant3.png */,
				7447285916DCF9E9003A3102 /* ant4.png */,
				7447285A16DCF9E9003A3102 /* ant5.png */,
				7447285B16DCF9E9003A3102 /* ant6.png */,
				7447285C16DCF9E9003A3102 /* ant7.png */,
				7447285D16DCF9E9003A3102 /* ant8.png */,
			);
			name = AntAnimation;
			sourceTree = "<group>";
		};
		7447286816DCF9F5003A3102 /* Introduction */ = {
			isa = PBXGroup;
			children = (
				74518A7116CE2C8300133217 /* ip41.jpg */,
				74518A7C16CE2C8300133217 /* ip40.jpg */,
				74518A6B16CE2C8300133217 /* ip50.jpg */,
				74518A6C16CE2C8300133217 /* ip51.jpg */,
			);
			name = Introduction;
			sourceTree = "<group>";
		};
		7447286A16DCFA2F003A3102 /* Clock */ = {
			isa = PBXGroup;
			children = (
				7447286E16DD1ECC003A3102 /* minute.png */,
				7447286F16DD1ECC003A3102 /* second.png */,
				7447287016DD1ECC003A3102 /* hour.png */,
				74320B0916D0B8FF00D71C2E /* line.png */,
				7447287416DD1EF4003A3102 /* clock.png */,
				74518A7316CE2C8300133217 /* alarmHandlerGray.png */,
				74518A7416CE2C8300133217 /* alarmHandler.png */,
			);
			name = Clock;
			sourceTree = "<group>";
		};
		7447287616DDBF48003A3102 /* Ant */ = {
			isa = PBXGroup;
			children = (
				7447286B16DD0063003A3102 /* Ant.h */,
				7447286C16DD0064003A3102 /* Ant.m */,
			);
			name = Ant;
			sourceTree = "<group>";
		};
		74518A4216CE266600133217 /* Clock */ = {
			isa = PBXGroup;
			children = (
				74518AB016D0052100133217 /* ClockView.h */,
				74518AB116D0052100133217 /* ClockView.m */,
			);
			name = Clock;
			sourceTree = "<group>";
		};
		74518A4716CE2C4600133217 /* Resources */ = {
			isa = PBXGroup;
			children = (
				743A194E16DA652600788F95 /* Sounds */,
				74518A6A16CE2C6E00133217 /* Images */,
			);
			name = Resources;
			sourceTree = "<group>";
		};
		74518A4816CE2C5100133217 /* NumbersImage */ = {
			isa = PBXGroup;
			children = (
				74518A4916CE2C6A00133217 /* 0.png */,
				74518A4A16CE2C6A00133217 /* 3.png */,
				74518A4B16CE2C6A00133217 /* 2.png */,
				74518A4C16CE2C6A00133217 /* 4.png */,
				74518A4D16CE2C6A00133217 /* 5.png */,
				74518A4E16CE2C6A00133217 /* 6.png */,
				74518A4F16CE2C6A00133217 /* 7.png */,
				74518A5016CE2C6A00133217 /* 8.png */,
				74518A5116CE2C6A00133217 /* 9.png */,
				74518A5216CE2C6A00133217 /* 1.png */,
				74518A5316CE2C6A00133217 /* point.png */,
			);
			name = NumbersImage;
			sourceTree = "<group>";
		};
		74518A6A16CE2C6E00133217 /* Images */ = {
			isa = PBXGroup;
			children = (
				7447286816DCF9F5003A3102 /* Introduction */,
				7447285516DCF953003A3102 /* AntAnimation */,
				7443AAE916D3B12700A559C9 /* Icons */,
				74518A7016CE2C8300133217 /* ants.png */,
				74518A7216CE2C8300133217 /* meterials */,
				74518A7D16CE2C8300133217 /* OCD Model */,
				74518A4816CE2C5100133217 /* NumbersImage */,
			);
			name = Images;
			sourceTree = "<group>";
		};
		74518A7216CE2C8300133217 /* meterials */ = {
			isa = PBXGroup;
			children = (
				74518A7716CE2C8300133217 /* 4beijing.jpg */,
				74518A7816CE2C8300133217 /* 5beijing.jpg */,
				7447286A16DCFA2F003A3102 /* Clock */,
				74518A7516CE2C8300133217 /* ant.png */,
				74518A7616CE2C8300133217 /* 3.jpg */,
			);
			name = meterials;
			path = "背景元素和icon";
			sourceTree = "<group>";
		};
		74518A7D16CE2C8300133217 /* OCD Model */ = {
			isa = PBXGroup;
			children = (
				74518A7E16CE2C8300133217 /* ocdLabel.png */,
				74518A7F16CE2C8300133217 /* ocdSwitch.png */,
				74518A8016CE2C8300133217 /* ocdOff.png */,
				74518A8116CE2C8300133217 /* ocdOn.png */,
			);
			path = "OCD Model";
			sourceTree = "<group>";
		};
		7495389D16CBE1EC009EA265 = {
			isa = PBXGroup;
			children = (
				749538AF16CBE1EC009EA265 /* KillAntsAlarm */,
				749538D316CBE1ED009EA265 /* KillAntsAlarmTests */,
				749538A816CBE1EC009EA265 /* Frameworks */,
				749538A716CBE1EC009EA265 /* Products */,
			);
			sourceTree = "<group>";
		};
		749538A716CBE1EC009EA265 /* Products */ = {
			isa = PBXGroup;
			children = (
				749538A616CBE1EC009EA265 /* KillAntsAlarm.app */,
				749538CC16CBE1ED009EA265 /* KillAntsAlarmTests.octest */,
			);
			name = Products;
			sourceTree = "<group>";
		};
		749538A816CBE1EC009EA265 /* Frameworks */ = {
			isa = PBXGroup;
			children = (
				74518AAE16CFF8A500133217 /* QuartzCore.framework */,
				743A195516DA672100788F95 /* AudioToolbox.framework */,
				743A195316DA662F00788F95 /* AVFoundation.framework */,
				749538A916CBE1EC009EA265 /* UIKit.framework */,
				749538AB16CBE1EC009EA265 /* Foundation.framework */,
				749538AD16CBE1EC009EA265 /* CoreGraphics.framework */,
				749538CD16CBE1ED009EA265 /* SenTestingKit.framework */,
			);
			name = Frameworks;
			sourceTree = "<group>";
		};
		749538AF16CBE1EC009EA265 /* KillAntsAlarm */ = {
			isa = PBXGroup;
			children = (
				7447287616DDBF48003A3102 /* Ant */,
				7443AB0C16D3D01900A559C9 /* Utils */,
				74518A4716CE2C4600133217 /* Resources */,
				74518A4216CE266600133217 /* Clock */,
				749538B816CBE1EC009EA265 /* KillAntsAlarmAppDelegate.h */,
				7447285216DCF5CF003A3102 /* KillAntsAlarmStartViewController.h */,
				7447285316DCF5CF003A3102 /* KillAntsAlarmStartViewController.m */,
				743A194B16DA370B00788F95 /* KillAntsAlarmIntroductionViewController.h */,
				743A194C16DA370B00788F95 /* KillAntsAlarmIntroductionViewController.m */,
				749538B916CBE1EC009EA265 /* KillAntsAlarmAppDelegate.m */,
				749538C116CBE1EC009EA265 /* MainStoryboard.storyboard */,
				749538C416CBE1EC009EA265 /* KillAntsAlarmViewController.h */,
				749538C516CBE1EC009EA265 /* KillAntsAlarmViewController.m */,
				7443AB1A16D3DFC900A559C9 /* KillAntsAlarmOCDModel.h */,
				7443AB1B16D3DFCA00A559C9 /* KillAntsAlarmOCDModel.m */,
				742EC81216D50362009F370D /* RevealController.h */,
				742EC81316D50362009F370D /* RevealController.m */,
				749538B016CBE1EC009EA265 /* Supporting Files */,
			);
			path = KillAntsAlarm;
			sourceTree = "<group>";
		};
		749538B016CBE1EC009EA265 /* Supporting Files */ = {
			isa = PBXGroup;
			children = (
				749538B116CBE1EC009EA265 /* KillAntsAlarm-Info.plist */,
				749538B216CBE1EC009EA265 /* InfoPlist.strings */,
				749538B516CBE1EC009EA265 /* main.m */,
				749538B716CBE1EC009EA265 /* KillAntsAlarm-Prefix.pch */,
				749538BB16CBE1EC009EA265 /* Default.png */,
				749538BD16CBE1EC009EA265 /* Default@2x.png */,
				749538BF16CBE1EC009EA265 /* Default-568h@2x.png */,
			);
			name = "Supporting Files";
			sourceTree = "<group>";
		};
		749538D316CBE1ED009EA265 /* KillAntsAlarmTests */ = {
			isa = PBXGroup;
			children = (
				749538D916CBE1ED009EA265 /* KillAntsAlarmTests.h */,
				749538DA16CBE1ED009EA265 /* KillAntsAlarmTests.m */,
				749538D416CBE1ED009EA265 /* Supporting Files */,
			);
			path = KillAntsAlarmTests;
			sourceTree = "<group>";
		};
		749538D416CBE1ED009EA265 /* Supporting Files */ = {
			isa = PBXGroup;
			children = (
				749538D516CBE1ED009EA265 /* KillAntsAlarmTests-Info.plist */,
				749538D616CBE1ED009EA265 /* InfoPlist.strings */,
			);
			name = "Supporting Files";
			sourceTree = "<group>";
		};
/* End PBXGroup section */

/* Begin PBXNativeTarget section */
		749538A516CBE1EC009EA265 /* KillAntsAlarm */ = {
			isa = PBXNativeTarget;
			buildConfigurationList = 749538DE16CBE1ED009EA265 /* Build configuration list for PBXNativeTarget "KillAntsAlarm" */;
			buildPhases = (
				749538A216CBE1EC009EA265 /* Sources */,
				749538A316CBE1EC009EA265 /* Frameworks */,
				749538A416CBE1EC009EA265 /* Resources */,
			);
			buildRules = (
			);
			dependencies = (
			);
			name = KillAntsAlarm;
			productName = KillAntsAlarm;
			productReference = 749538A616CBE1EC009EA265 /* KillAntsAlarm.app */;
			productType = "com.apple.product-type.application";
		};
		749538CB16CBE1ED009EA265 /* KillAntsAlarmTests */ = {
			isa = PBXNativeTarget;
			buildConfigurationList = 749538E116CBE1ED009EA265 /* Build configuration list for PBXNativeTarget "KillAntsAlarmTests" */;
			buildPhases = (
				749538C716CBE1ED009EA265 /* Sources */,
				749538C816CBE1ED009EA265 /* Frameworks */,
				749538C916CBE1ED009EA265 /* Resources */,
				749538CA16CBE1ED009EA265 /* ShellScript */,
			);
			buildRules = (
			);
			dependencies = (
				749538D216CBE1ED009EA265 /* PBXTargetDependency */,
			);
			name = KillAntsAlarmTests;
			productName = KillAntsAlarmTests;
			productReference = 749538CC16CBE1ED009EA265 /* KillAntsAlarmTests.octest */;
			productType = "com.apple.product-type.bundle";
		};
/* End PBXNativeTarget section */

/* Begin PBXProject section */
		7495389E16CBE1EC009EA265 /* Project object */ = {
			isa = PBXProject;
			attributes = {
				CLASSPREFIX = KillAntsAlarm;
				LastUpgradeCheck = 0460;
				ORGANIZATIONNAME = "xu jingwei";
			};
			buildConfigurationList = 749538A116CBE1EC009EA265 /* Build configuration list for PBXProject "KillAntsAlarm" */;
			compatibilityVersion = "Xcode 3.2";
			developmentRegion = English;
			hasScannedForEncodings = 0;
			knownRegions = (
				en,
			);
			mainGroup = 7495389D16CBE1EC009EA265;
			productRefGroup = 749538A716CBE1EC009EA265 /* Products */;
			projectDirPath = "";
			projectRoot = "";
			targets = (
				749538A516CBE1EC009EA265 /* KillAntsAlarm */,
				749538CB16CBE1ED009EA265 /* KillAntsAlarmTests */,
			);
		};
/* End PBXProject section */

/* Begin PBXResourcesBuildPhase section */
		749538A416CBE1EC009EA265 /* Resources */ = {
			isa = PBXResourcesBuildPhase;
			buildActionMask = 2147483647;
			files = (
				749538B416CBE1EC009EA265 /* InfoPlist.strings in Resources */,
				749538BC16CBE1EC009EA265 /* Default.png in Resources */,
				749538BE16CBE1EC009EA265 /* Default@2x.png in Resources */,
				749538C016CBE1EC009EA265 /* Default-568h@2x.png in Resources */,
				749538C316CBE1EC009EA265 /* MainStoryboard.storyboard in Resources */,
				74518A5416CE2C6A00133217 /* 0.png in Resources */,
				74518A5616CE2C6A00133217 /* 3.png in Resources */,
				74518A5816CE2C6A00133217 /* 2.png in Resources */,
				74518A5A16CE2C6A00133217 /* 4.png in Resources */,
				74518A5C16CE2C6A00133217 /* 5.png in Resources */,
				74518A5E16CE2C6A00133217 /* 6.png in Resources */,
				74518A6016CE2C6A00133217 /* 7.png in Resources */,
				74518A6216CE2C6A00133217 /* 8.png in Resources */,
				74518A6416CE2C6A00133217 /* 9.png in Resources */,
				74518A6616CE2C6A00133217 /* 1.png in Resources */,
				74518A6816CE2C6A00133217 /* point.png in Resources */,
				74518A8216CE2C8300133217 /* ip50.jpg in Resources */,
				74518A8416CE2C8300133217 /* ip51.jpg in Resources */,
				74518A8C16CE2C8300133217 /* ants.png in Resources */,
				74518A8E16CE2C8300133217 /* ip41.jpg in Resources */,
				74518A9016CE2C8300133217 /* alarmHandlerGray.png in Resources */,
				74518A9216CE2C8300133217 /* alarmHandler.png in Resources */,
				74518A9416CE2C8300133217 /* ant.png in Resources */,
				74518A9616CE2C8300133217 /* 3.jpg in Resources */,
				74518A9816CE2C8300133217 /* 4beijing.jpg in Resources */,
				74518A9A16CE2C8300133217 /* 5beijing.jpg in Resources */,
				74518AA216CE2C8300133217 /* ip40.jpg in Resources */,
				74518AA416CE2C8300133217 /* ocdLabel.png in Resources */,
				74518AA616CE2C8300133217 /* ocdSwitch.png in Resources */,
				74518AA816CE2C8300133217 /* ocdOff.png in Resources */,
				74518AAA16CE2C8300133217 /* ocdOn.png in Resources */,
				74320B0C16D0B8FF00D71C2E /* line.png in Resources */,
				7443AAF416D3B16900A559C9 /* Icon-Small.png in Resources */,
				7443AAF616D3B16900A559C9 /* Icon-Small-50.png in Resources */,
				7443AAF816D3B16900A559C9 /* Icon.png in Resources */,
				7443AAFA16D3B16900A559C9 /* Icon-Small@2x.png in Resources */,
				7443AAFC16D3B16900A559C9 /* Icon-72.png in Resources */,
				7443AAFE16D3B16900A559C9 /* LOGO_100pix.png in Resources */,
				7443AB0016D3B16900A559C9 /* Icon@2x.png in Resources */,
				7443AB0216D3B16900A559C9 /* LOGO_144pix.png in Resources */,
				7443AB0416D3B16900A559C9 /* iTunesArtwork.png in Resources */,
				7443AB0616D3B16900A559C9 /* iTunesArtwork@2x.png in Resources */,
				743A195016DA653000788F95 /* shortSound.wav in Resources */,
				743A195216DA653800788F95 /* music.wav in Resources */,
				743A195B16DA769F00788F95 /* short.caf in Resources */,
				7440719F16DBC89F00E0895A /* 29s.caf in Resources */,
				7447285F16DCF9E9003A3102 /* ant1.png in Resources */,
				7447286016DCF9E9003A3102 /* ant2.png in Resources */,
				7447286116DCF9E9003A3102 /* ant3.png in Resources */,
				7447286216DCF9E9003A3102 /* ant4.png in Resources */,
				7447286316DCF9E9003A3102 /* ant5.png in Resources */,
				7447286416DCF9E9003A3102 /* ant6.png in Resources */,
				7447286516DCF9E9003A3102 /* ant7.png in Resources */,
				7447286616DCF9E9003A3102 /* ant8.png in Resources */,
				7447286716DCF9E9003A3102 /* ant0.png in Resources */,
				7447287116DD1ECC003A3102 /* minute.png in Resources */,
				7447287216DD1ECC003A3102 /* second.png in Resources */,
				7447287316DD1ECC003A3102 /* hour.png in Resources */,
				7447287516DD1EF4003A3102 /* clock.png in Resources */,
			);
			runOnlyForDeploymentPostprocessing = 0;
		};
		749538C916CBE1ED009EA265 /* Resources */ = {
			isa = PBXResourcesBuildPhase;
			buildActionMask = 2147483647;
			files = (
				749538D816CBE1ED009EA265 /* InfoPlist.strings in Resources */,
				74518A5516CE2C6A00133217 /* 0.png in Resources */,
				74518A5716CE2C6A00133217 /* 3.png in Resources */,
				74518A5916CE2C6A00133217 /* 2.png in Resources */,
				74518A5B16CE2C6A00133217 /* 4.png in Resources */,
				74518A5D16CE2C6A00133217 /* 5.png in Resources */,
				74518A5F16CE2C6A00133217 /* 6.png in Resources */,
				74518A6116CE2C6A00133217 /* 7.png in Resources */,
				74518A6316CE2C6A00133217 /* 8.png in Resources */,
				74518A6516CE2C6A00133217 /* 9.png in Resources */,
				74518A6716CE2C6A00133217 /* 1.png in Resources */,
				74518A6916CE2C6A00133217 /* point.png in Resources */,
				74518A8316CE2C8300133217 /* ip50.jpg in Resources */,
				74518A8516CE2C8300133217 /* ip51.jpg in Resources */,
				74518A8D16CE2C8300133217 /* ants.png in Resources */,
				74518A8F16CE2C8300133217 /* ip41.jpg in Resources */,
				74518A9116CE2C8300133217 /* alarmHandlerGray.png in Resources */,
				74518A9316CE2C8300133217 /* alarmHandler.png in Resources */,
				74518A9516CE2C8300133217 /* ant.png in Resources */,
				74518A9716CE2C8300133217 /* 3.jpg in Resources */,
				74518A9916CE2C8300133217 /* 4beijing.jpg in Resources */,
				74518A9B16CE2C8300133217 /* 5beijing.jpg in Resources */,
				74518AA316CE2C8300133217 /* ip40.jpg in Resources */,
				74518AA516CE2C8300133217 /* ocdLabel.png in Resources */,
				74518AA716CE2C8300133217 /* ocdSwitch.png in Resources */,
				74518AA916CE2C8300133217 /* ocdOff.png in Resources */,
				74518AAB16CE2C8300133217 /* ocdOn.png in Resources */,
				74320B0D16D0B8FF00D71C2E /* line.png in Resources */,
				7443AAF516D3B16900A559C9 /* Icon-Small.png in Resources */,
				7443AAF716D3B16900A559C9 /* Icon-Small-50.png in Resources */,
				7443AAF916D3B16900A559C9 /* Icon.png in Resources */,
				7443AAFB16D3B16900A559C9 /* Icon-Small@2x.png in Resources */,
				7443AAFD16D3B16900A559C9 /* Icon-72.png in Resources */,
				7443AAFF16D3B16900A559C9 /* LOGO_100pix.png in Resources */,
				7443AB0116D3B16900A559C9 /* Icon@2x.png in Resources */,
				7443AB0316D3B16900A559C9 /* LOGO_144pix.png in Resources */,
				7443AB0516D3B16900A559C9 /* iTunesArtwork.png in Resources */,
				7443AB0716D3B16900A559C9 /* iTunesArtwork@2x.png in Resources */,
				743A195C16DA769F00788F95 /* short.caf in Resources */,
				744071A016DBC89F00E0895A /* 29s.caf in Resources */,
			);
			runOnlyForDeploymentPostprocessing = 0;
		};
/* End PBXResourcesBuildPhase section */

/* Begin PBXShellScriptBuildPhase section */
		749538CA16CBE1ED009EA265 /* ShellScript */ = {
			isa = PBXShellScriptBuildPhase;
			buildActionMask = 2147483647;
			files = (
			);
			inputPaths = (
			);
			outputPaths = (
			);
			runOnlyForDeploymentPostprocessing = 0;
			shellPath = /bin/sh;
			shellScript = "# Run the unit tests in this test bundle.\n\"${SYSTEM_DEVELOPER_DIR}/Tools/RunUnitTests\"\n";
		};
/* End PBXShellScriptBuildPhase section */

/* Begin PBXSourcesBuildPhase section */
		749538A216CBE1EC009EA265 /* Sources */ = {
			isa = PBXSourcesBuildPhase;
			buildActionMask = 2147483647;
			files = (
				749538B616CBE1EC009EA265 /* main.m in Sources */,
				749538BA16CBE1EC009EA265 /* KillAntsAlarmAppDelegate.m in Sources */,
				749538C616CBE1EC009EA265 /* KillAntsAlarmViewController.m in Sources */,
				74518AB216D0052100133217 /* ClockView.m in Sources */,
				7443AB1016D3DA0D00A559C9 /* PPRevealSideViewController.m in Sources */,
				7443AB1C16D3DFCA00A559C9 /* KillAntsAlarmOCDModel.m in Sources */,
				742EC81016D50209009F370D /* ZUUIRevealController.m in Sources */,
				742EC81416D50362009F370D /* RevealController.m in Sources */,
				74446FFA16D62BEE0007760A /* CustomUISwtich.m in Sources */,
				74446FFE16D630980007760A /* TTSwitch.m in Sources */,
				743A194D16DA370B00788F95 /* KillAntsAlarmIntroductionViewController.m in Sources */,
				7447285416DCF5D0003A3102 /* KillAntsAlarmStartViewController.m in Sources */,
				7447286D16DD0064003A3102 /* Ant.m in Sources */,
			);
			runOnlyForDeploymentPostprocessing = 0;
		};
		749538C716CBE1ED009EA265 /* Sources */ = {
			isa = PBXSourcesBuildPhase;
			buildActionMask = 2147483647;
			files = (
				749538DB16CBE1ED009EA265 /* KillAntsAlarmTests.m in Sources */,
				74518AB316D0052100133217 /* ClockView.m in Sources */,
				7443AB1116D3DA0D00A559C9 /* PPRevealSideViewController.m in Sources */,
				7443AB1D16D3DFCA00A559C9 /* KillAntsAlarmOCDModel.m in Sources */,
				742EC81116D50209009F370D /* ZUUIRevealController.m in Sources */,
				742EC81516D50362009F370D /* RevealController.m in Sources */,
				74446FFF16D630980007760A /* TTSwitch.m in Sources */,
			);
			runOnlyForDeploymentPostprocessing = 0;
		};
/* End PBXSourcesBuildPhase section */

/* Begin PBXTargetDependency section */
		749538D216CBE1ED009EA265 /* PBXTargetDependency */ = {
			isa = PBXTargetDependency;
			target = 749538A516CBE1EC009EA265 /* KillAntsAlarm */;
			targetProxy = 749538D116CBE1ED009EA265 /* PBXContainerItemProxy */;
		};
/* End PBXTargetDependency section */

/* Begin PBXVariantGroup section */
		749538B216CBE1EC009EA265 /* InfoPlist.strings */ = {
			isa = PBXVariantGroup;
			children = (
				749538B316CBE1EC009EA265 /* en */,
			);
			name = InfoPlist.strings;
			sourceTree = "<group>";
		};
		749538C116CBE1EC009EA265 /* MainStoryboard.storyboard */ = {
			isa = PBXVariantGroup;
			children = (
				749538C216CBE1EC009EA265 /* en */,
			);
			name = MainStoryboard.storyboard;
			sourceTree = "<group>";
		};
		749538D616CBE1ED009EA265 /* InfoPlist.strings */ = {
			isa = PBXVariantGroup;
			children = (
				749538D716CBE1ED009EA265 /* en */,
			);
			name = InfoPlist.strings;
			sourceTree = "<group>";
		};
/* End PBXVariantGroup section */

/* Begin XCBuildConfiguration section */
		749538DC16CBE1ED009EA265 /* Debug */ = {
			isa = XCBuildConfiguration;
			buildSettings = {
				ALWAYS_SEARCH_USER_PATHS = NO;
				CLANG_CXX_LANGUAGE_STANDARD = "gnu++0x";
				CLANG_CXX_LIBRARY = "libc++";
				CLANG_ENABLE_OBJC_ARC = YES;
				CLANG_WARN_CONSTANT_CONVERSION = YES;
				CLANG_WARN_EMPTY_BODY = YES;
				CLANG_WARN_ENUM_CONVERSION = YES;
				CLANG_WARN_INT_CONVERSION = YES;
				CLANG_WARN__DUPLICATE_METHOD_MATCH = YES;
				"CODE_SIGN_IDENTITY[sdk=iphoneos*]" = "iPhone Developer";
				COPY_PHASE_STRIP = NO;
				GCC_C_LANGUAGE_STANDARD = gnu99;
				GCC_DYNAMIC_NO_PIC = NO;
				GCC_OPTIMIZATION_LEVEL = 0;
				GCC_PREPROCESSOR_DEFINITIONS = (
					"DEBUG=1",
					"$(inherited)",
				);
				GCC_SYMBOLS_PRIVATE_EXTERN = NO;
				GCC_WARN_ABOUT_RETURN_TYPE = YES;
				GCC_WARN_UNINITIALIZED_AUTOS = YES;
				GCC_WARN_UNUSED_VARIABLE = YES;
				IPHONEOS_DEPLOYMENT_TARGET = 6.1;
				ONLY_ACTIVE_ARCH = YES;
				SDKROOT = iphoneos;
			};
			name = Debug;
		};
		749538DD16CBE1ED009EA265 /* Release */ = {
			isa = XCBuildConfiguration;
			buildSettings = {
				ALWAYS_SEARCH_USER_PATHS = NO;
				CLANG_CXX_LANGUAGE_STANDARD = "gnu++0x";
				CLANG_CXX_LIBRARY = "libc++";
				CLANG_ENABLE_OBJC_ARC = YES;
				CLANG_WARN_CONSTANT_CONVERSION = YES;
				CLANG_WARN_EMPTY_BODY = YES;
				CLANG_WARN_ENUM_CONVERSION = YES;
				CLANG_WARN_INT_CONVERSION = YES;
				CLANG_WARN__DUPLICATE_METHOD_MATCH = YES;
				"CODE_SIGN_IDENTITY[sdk=iphoneos*]" = "iPhone Developer";
				COPY_PHASE_STRIP = YES;
				GCC_C_LANGUAGE_STANDARD = gnu99;
				GCC_WARN_ABOUT_RETURN_TYPE = YES;
				GCC_WARN_UNINITIALIZED_AUTOS = YES;
				GCC_WARN_UNUSED_VARIABLE = YES;
				IPHONEOS_DEPLOYMENT_TARGET = 6.1;
				OTHER_CFLAGS = "-DNS_BLOCK_ASSERTIONS=1";
				SDKROOT = iphoneos;
				VALIDATE_PRODUCT = YES;
			};
			name = Release;
		};
		749538DF16CBE1ED009EA265 /* Debug */ = {
			isa = XCBuildConfiguration;
			buildSettings = {
				CODE_SIGN_IDENTITY = "";
				"CODE_SIGN_IDENTITY[sdk=iphoneos*]" = "iPhone Developer: Jingwei Xu (BLASX4QZ2S)";
				GCC_PRECOMPILE_PREFIX_HEADER = YES;
				GCC_PREFIX_HEADER = "KillAntsAlarm/KillAntsAlarm-Prefix.pch";
				INFOPLIST_FILE = "KillAntsAlarm/KillAntsAlarm-Info.plist";
				IPHONEOS_DEPLOYMENT_TARGET = 5.0;
				PRODUCT_NAME = "$(TARGET_NAME)";
				"PROVISIONING_PROFILE[sdk=iphoneos*]" = "36BC824C-F3C9-4F02-B025-3BCC7656C3DA";
				WRAPPER_EXTENSION = app;
			};
			name = Debug;
		};
		749538E016CBE1ED009EA265 /* Release */ = {
			isa = XCBuildConfiguration;
			buildSettings = {
				CODE_SIGN_IDENTITY = "iPhone Distribution: Jingwei Xu";
				GCC_PRECOMPILE_PREFIX_HEADER = YES;
				GCC_PREFIX_HEADER = "KillAntsAlarm/KillAntsAlarm-Prefix.pch";
				INFOPLIST_FILE = "KillAntsAlarm/KillAntsAlarm-Info.plist";
				IPHONEOS_DEPLOYMENT_TARGET = 5.0;
				PRODUCT_NAME = "$(TARGET_NAME)";
				PROVISIONING_PROFILE = "71FF25EE-1C2B-4013-89B8-45C633140D8D";
				WRAPPER_EXTENSION = app;
			};
			name = Release;
		};
		749538E216CBE1ED009EA265 /* Debug */ = {
			isa = XCBuildConfiguration;
			buildSettings = {
				BUNDLE_LOADER = "$(BUILT_PRODUCTS_DIR)/KillAntsAlarm.app/KillAntsAlarm";
				FRAMEWORK_SEARCH_PATHS = (
					"\"$(SDKROOT)/Developer/Library/Frameworks\"",
					"\"$(DEVELOPER_LIBRARY_DIR)/Frameworks\"",
				);
				GCC_PRECOMPILE_PREFIX_HEADER = YES;
				GCC_PREFIX_HEADER = "KillAntsAlarm/KillAntsAlarm-Prefix.pch";
				INFOPLIST_FILE = "KillAntsAlarmTests/KillAntsAlarmTests-Info.plist";
				PRODUCT_NAME = "$(TARGET_NAME)";
				TEST_HOST = "$(BUNDLE_LOADER)";
				WRAPPER_EXTENSION = octest;
			};
			name = Debug;
		};
		749538E316CBE1ED009EA265 /* Release */ = {
			isa = XCBuildConfiguration;
			buildSettings = {
				BUNDLE_LOADER = "$(BUILT_PRODUCTS_DIR)/KillAntsAlarm.app/KillAntsAlarm";
				FRAMEWORK_SEARCH_PATHS = (
					"\"$(SDKROOT)/Developer/Library/Frameworks\"",
					"\"$(DEVELOPER_LIBRARY_DIR)/Frameworks\"",
				);
				GCC_PRECOMPILE_PREFIX_HEADER = YES;
				GCC_PREFIX_HEADER = "KillAntsAlarm/KillAntsAlarm-Prefix.pch";
				INFOPLIST_FILE = "KillAntsAlarmTests/KillAntsAlarmTests-Info.plist";
				PRODUCT_NAME = "$(TARGET_NAME)";
				TEST_HOST = "$(BUNDLE_LOADER)";
				WRAPPER_EXTENSION = octest;
			};
			name = Release;
		};
/* End XCBuildConfiguration section */

/* Begin XCConfigurationList section */
		749538A116CBE1EC009EA265 /* Build configuration list for PBXProject "KillAntsAlarm" */ = {
			isa = XCConfigurationList;
			buildConfigurations = (
				749538DC16CBE1ED009EA265 /* Debug */,
				749538DD16CBE1ED009EA265 /* Release */,
			);
			defaultConfigurationIsVisible = 0;
			defaultConfigurationName = Release;
		};
		749538DE16CBE1ED009EA265 /* Build configuration list for PBXNativeTarget "KillAntsAlarm" */ = {
			isa = XCConfigurationList;
			buildConfigurations = (
				749538DF16CBE1ED009EA265 /* Debug */,
				749538E016CBE1ED009EA265 /* Release */,
			);
			defaultConfigurationIsVisible = 0;
			defaultConfigurationName = Release;
		};
		749538E116CBE1ED009EA265 /* Build configuration list for PBXNativeTarget "KillAntsAlarmTests" */ = {
			isa = XCConfigurationList;
			buildConfigurations = (
				749538E216CBE1ED009EA265 /* Debug */,
				749538E316CBE1ED009EA265 /* Release */,
			);
			defaultConfigurationIsVisible = 0;
			defaultConfigurationName = Release;
		};
/* End XCConfigurationList section */
	};
	rootObject = 7495389E16CBE1EC009EA265 /* Project object */;
}
